// !$*UTF8*$!
{
	archiveVersion = 1;
	classes = {
	};
	objectVersion = 46;
	objects = {

/* Begin PBXBuildFile section */
		310D61B91F8E58EA0034F1EC /* pin.svg in Resources */ = {isa = PBXBuildFile; fileRef = 310D61B81F8E58EA0034F1EC /* pin.svg */; };
		3115C0F11F8FFFC100138C6E /* BinaryFloatingPoint+ParseLengthString.swift in Sources */ = {isa = PBXBuildFile; fileRef = 3115C0C51F8FFFC000138C6E /* BinaryFloatingPoint+ParseLengthString.swift */; };
		3115C0F21F8FFFC100138C6E /* CALayer+Sublayers.swift in Sources */ = {isa = PBXBuildFile; fileRef = 3115C0C61F8FFFC000138C6E /* CALayer+Sublayers.swift */; };
		3115C0F31F8FFFC100138C6E /* CALayer+SVG.swift in Sources */ = {isa = PBXBuildFile; fileRef = 3115C0C71F8FFFC000138C6E /* CALayer+SVG.swift */; };
		3115C0F41F8FFFC100138C6E /* CAShapeLayer+SVG.swift in Sources */ = {isa = PBXBuildFile; fileRef = 3115C0C81F8FFFC000138C6E /* CAShapeLayer+SVG.swift */; };
		3115C0F51F8FFFC100138C6E /* CoordinateLexer.swift in Sources */ = {isa = PBXBuildFile; fileRef = 3115C0C91F8FFFC000138C6E /* CoordinateLexer.swift */; };
		3115C0F61F8FFFC100138C6E /* CrossPlatform.swift in Sources */ = {isa = PBXBuildFile; fileRef = 3115C0CA1F8FFFC000138C6E /* CrossPlatform.swift */; };
		3115C0F71F8FFFC100138C6E /* Data+CacheKey.swift in Sources */ = {isa = PBXBuildFile; fileRef = 3115C0CB1F8FFFC100138C6E /* Data+CacheKey.swift */; };
		3115C0F81F8FFFC100138C6E /* DelaysApplyingAttributes.swift in Sources */ = {isa = PBXBuildFile; fileRef = 3115C0CC1F8FFFC100138C6E /* DelaysApplyingAttributes.swift */; };
		3115C0F91F8FFFC100138C6E /* Dictionary+Add.swift in Sources */ = {isa = PBXBuildFile; fileRef = 3115C0CD1F8FFFC100138C6E /* Dictionary+Add.swift */; };
		3115C0FA1F8FFFC100138C6E /* DispatchQueue+Extensions.swift in Sources */ = {isa = PBXBuildFile; fileRef = 3115C0CE1F8FFFC100138C6E /* DispatchQueue+Extensions.swift */; };
		3115C0FB1F8FFFC100138C6E /* Fillable.swift in Sources */ = {isa = PBXBuildFile; fileRef = 3115C0CF1F8FFFC100138C6E /* Fillable.swift */; };
		3115C0FC1F8FFFC100138C6E /* FloatingPoint+DegreesRadians.swift in Sources */ = {isa = PBXBuildFile; fileRef = 3115C0D01F8FFFC100138C6E /* FloatingPoint+DegreesRadians.swift */; };
		3115C0FD1F8FFFC100138C6E /* NSBezierPath+CrossPlatform.swift in Sources */ = {isa = PBXBuildFile; fileRef = 3115C0D11F8FFFC100138C6E /* NSBezierPath+CrossPlatform.swift */; };
		3115C0FE1F8FFFC100138C6E /* NSXMLSVGParser.swift in Sources */ = {isa = PBXBuildFile; fileRef = 3115C0D21F8FFFC100138C6E /* NSXMLSVGParser.swift */; };
		3115C0FF1F8FFFC100138C6E /* ParsesAsynchronously.swift in Sources */ = {isa = PBXBuildFile; fileRef = 3115C0D31F8FFFC100138C6E /* ParsesAsynchronously.swift */; };
		3115C1001F8FFFC100138C6E /* PathCommand.swift in Sources */ = {isa = PBXBuildFile; fileRef = 3115C0D41F8FFFC100138C6E /* PathCommand.swift */; };
		3115C1011F8FFFC100138C6E /* PathDLexer.swift in Sources */ = {isa = PBXBuildFile; fileRef = 3115C0D51F8FFFC100138C6E /* PathDLexer.swift */; };
		3115C1021F8FFFC100138C6E /* Scalar+FromByteArray.swift in Sources */ = {isa = PBXBuildFile; fileRef = 3115C0D61F8FFFC100138C6E /* Scalar+FromByteArray.swift */; };
		3115C1031F8FFFC100138C6E /* Stack.swift in Sources */ = {isa = PBXBuildFile; fileRef = 3115C0D71F8FFFC100138C6E /* Stack.swift */; };
		3115C1041F8FFFC100138C6E /* String+Subscript.swift in Sources */ = {isa = PBXBuildFile; fileRef = 3115C0D81F8FFFC100138C6E /* String+Subscript.swift */; };
		3115C1051F8FFFC100138C6E /* String+Trim.swift in Sources */ = {isa = PBXBuildFile; fileRef = 3115C0D91F8FFFC100138C6E /* String+Trim.swift */; };
		3115C1061F8FFFC100138C6E /* Strokable.swift in Sources */ = {isa = PBXBuildFile; fileRef = 3115C0DA1F8FFFC100138C6E /* Strokable.swift */; };
		3115C1071F8FFFC100138C6E /* Stylable.swift in Sources */ = {isa = PBXBuildFile; fileRef = 3115C0DB1F8FFFC100138C6E /* Stylable.swift */; };
		3115C1081F8FFFC100138C6E /* SVGCache.swift in Sources */ = {isa = PBXBuildFile; fileRef = 3115C0DC1F8FFFC100138C6E /* SVGCache.swift */; };
		3115C1091F8FFFC100138C6E /* SVGCircle.swift in Sources */ = {isa = PBXBuildFile; fileRef = 3115C0DD1F8FFFC100138C6E /* SVGCircle.swift */; };
		3115C10A1F8FFFC100138C6E /* SVGContainerElement.swift in Sources */ = {isa = PBXBuildFile; fileRef = 3115C0DE1F8FFFC100138C6E /* SVGContainerElement.swift */; };
		3115C10B1F8FFFC100138C6E /* SVGElement.swift in Sources */ = {isa = PBXBuildFile; fileRef = 3115C0DF1F8FFFC100138C6E /* SVGElement.swift */; };
		3115C10C1F8FFFC100138C6E /* SVGEllipse.swift in Sources */ = {isa = PBXBuildFile; fileRef = 3115C0E01F8FFFC100138C6E /* SVGEllipse.swift */; };
		3115C10D1F8FFFC100138C6E /* SVGGroup.swift in Sources */ = {isa = PBXBuildFile; fileRef = 3115C0E11F8FFFC100138C6E /* SVGGroup.swift */; };
		3115C10E1F8FFFC100138C6E /* SVGLayer.swift in Sources */ = {isa = PBXBuildFile; fileRef = 3115C0E21F8FFFC100138C6E /* SVGLayer.swift */; };
		3115C10F1F8FFFC100138C6E /* SVGLine.swift in Sources */ = {isa = PBXBuildFile; fileRef = 3115C0E31F8FFFC100138C6E /* SVGLine.swift */; };
		3115C1101F8FFFC100138C6E /* SVGParser.swift in Sources */ = {isa = PBXBuildFile; fileRef = 3115C0E41F8FFFC100138C6E /* SVGParser.swift */; };
		3115C1111F8FFFC100138C6E /* SVGParserSupportedElements.swift in Sources */ = {isa = PBXBuildFile; fileRef = 3115C0E51F8FFFC100138C6E /* SVGParserSupportedElements.swift */; };
		3115C1121F8FFFC100138C6E /* SVGPath.swift in Sources */ = {isa = PBXBuildFile; fileRef = 3115C0E61F8FFFC100138C6E /* SVGPath.swift */; };
		3115C1131F8FFFC100138C6E /* SVGPolygon.swift in Sources */ = {isa = PBXBuildFile; fileRef = 3115C0E71F8FFFC100138C6E /* SVGPolygon.swift */; };
		3115C1141F8FFFC100138C6E /* SVGPolyline.swift in Sources */ = {isa = PBXBuildFile; fileRef = 3115C0E81F8FFFC100138C6E /* SVGPolyline.swift */; };
		3115C1151F8FFFC100138C6E /* SVGRectangle.swift in Sources */ = {isa = PBXBuildFile; fileRef = 3115C0E91F8FFFC100138C6E /* SVGRectangle.swift */; };
		3115C1161F8FFFC100138C6E /* SVGRootElement.swift in Sources */ = {isa = PBXBuildFile; fileRef = 3115C0EA1F8FFFC100138C6E /* SVGRootElement.swift */; };
		3115C1171F8FFFC100138C6E /* SVGShapeElement.swift in Sources */ = {isa = PBXBuildFile; fileRef = 3115C0EB1F8FFFC100138C6E /* SVGShapeElement.swift */; };
		3115C1181F8FFFC100138C6E /* SVGView.swift in Sources */ = {isa = PBXBuildFile; fileRef = 3115C0EC1F8FFFC100138C6E /* SVGView.swift */; };
		3115C1191F8FFFC100138C6E /* Transformable.swift in Sources */ = {isa = PBXBuildFile; fileRef = 3115C0ED1F8FFFC100138C6E /* Transformable.swift */; };
		3115C11A1F8FFFC100138C6E /* UIBezierPath+SVG.swift in Sources */ = {isa = PBXBuildFile; fileRef = 3115C0EE1F8FFFC100138C6E /* UIBezierPath+SVG.swift */; };
		3115C11B1F8FFFC100138C6E /* UIColor+Extensions.swift in Sources */ = {isa = PBXBuildFile; fileRef = 3115C0EF1F8FFFC100138C6E /* UIColor+Extensions.swift */; };
		3115C11C1F8FFFC100138C6E /* UIView+SVG.swift in Sources */ = {isa = PBXBuildFile; fileRef = 3115C0F01F8FFFC100138C6E /* UIView+SVG.swift */; };
		314B17431F8E2F3200D98FA3 /* AppDelegate.swift in Sources */ = {isa = PBXBuildFile; fileRef = 314B17421F8E2F3200D98FA3 /* AppDelegate.swift */; };
		314B17481F8E2F3200D98FA3 /* Main.storyboard in Resources */ = {isa = PBXBuildFile; fileRef = 314B17461F8E2F3200D98FA3 /* Main.storyboard */; };
		314B174A1F8E2F3200D98FA3 /* Assets.xcassets in Resources */ = {isa = PBXBuildFile; fileRef = 314B17491F8E2F3200D98FA3 /* Assets.xcassets */; };
		314B174D1F8E2F3200D98FA3 /* LaunchScreen.storyboard in Resources */ = {isa = PBXBuildFile; fileRef = 314B174B1F8E2F3200D98FA3 /* LaunchScreen.storyboard */; };
		316B424B1F8FE79C008A89DC /* Bar.swift in Sources */ = {isa = PBXBuildFile; fileRef = 316B42471F8FE79C008A89DC /* Bar.swift */; };
		316B424C1F8FE79C008A89DC /* BarData.swift in Sources */ = {isa = PBXBuildFile; fileRef = 316B42481F8FE79C008A89DC /* BarData.swift */; };
		316B424D1F8FE79C008A89DC /* ChartProgressBar.swift in Sources */ = {isa = PBXBuildFile; fileRef = 316B42491F8FE79C008A89DC /* ChartProgressBar.swift */; };
		31EDFA891F8FBB01000C41AF /* SampleViewController.swift in Sources */ = {isa = PBXBuildFile; fileRef = 31EDFA881F8FBB01000C41AF /* SampleViewController.swift */; };
/* End PBXBuildFile section */

/* Begin PBXContainerItemProxy section */
		314B17541F8E2F3200D98FA3 /* PBXContainerItemProxy */ = {
			isa = PBXContainerItemProxy;
			containerPortal = 314B17371F8E2F3200D98FA3 /* Project object */;
			proxyType = 1;
			remoteGlobalIDString = 314B173E1F8E2F3200D98FA3;
			remoteInfo = "ChartProgressBar-ios";
		};
		314B175F1F8E2F3200D98FA3 /* PBXContainerItemProxy */ = {
			isa = PBXContainerItemProxy;
			containerPortal = 314B17371F8E2F3200D98FA3 /* Project object */;
			proxyType = 1;
			remoteGlobalIDString = 314B173E1F8E2F3200D98FA3;
			remoteInfo = "ChartProgressBar-ios";
		};
/* End PBXContainerItemProxy section */

/* Begin PBXFileReference section */
		310D61B81F8E58EA0034F1EC /* pin.svg */ = {isa = PBXFileReference; fileEncoding = 4; lastKnownFileType = text.xml; path = pin.svg; sourceTree = "<group>"; };
		3115C0C51F8FFFC000138C6E /* BinaryFloatingPoint+ParseLengthString.swift */ = {isa = PBXFileReference; fileEncoding = 4; lastKnownFileType = sourcecode.swift; name = "BinaryFloatingPoint+ParseLengthString.swift"; path = "SwiftSVG/BinaryFloatingPoint+ParseLengthString.swift"; sourceTree = "<group>"; };
		3115C0C61F8FFFC000138C6E /* CALayer+Sublayers.swift */ = {isa = PBXFileReference; fileEncoding = 4; lastKnownFileType = sourcecode.swift; name = "CALayer+Sublayers.swift"; path = "SwiftSVG/CALayer+Sublayers.swift"; sourceTree = "<group>"; };
		3115C0C71F8FFFC000138C6E /* CALayer+SVG.swift */ = {isa = PBXFileReference; fileEncoding = 4; lastKnownFileType = sourcecode.swift; name = "CALayer+SVG.swift"; path = "SwiftSVG/CALayer+SVG.swift"; sourceTree = "<group>"; };
		3115C0C81F8FFFC000138C6E /* CAShapeLayer+SVG.swift */ = {isa = PBXFileReference; fileEncoding = 4; lastKnownFileType = sourcecode.swift; name = "CAShapeLayer+SVG.swift"; path = "SwiftSVG/CAShapeLayer+SVG.swift"; sourceTree = "<group>"; };
		3115C0C91F8FFFC000138C6E /* CoordinateLexer.swift */ = {isa = PBXFileReference; fileEncoding = 4; lastKnownFileType = sourcecode.swift; name = CoordinateLexer.swift; path = SwiftSVG/CoordinateLexer.swift; sourceTree = "<group>"; };
		3115C0CA1F8FFFC000138C6E /* CrossPlatform.swift */ = {isa = PBXFileReference; fileEncoding = 4; lastKnownFileType = sourcecode.swift; name = CrossPlatform.swift; path = SwiftSVG/CrossPlatform.swift; sourceTree = "<group>"; };
		3115C0CB1F8FFFC100138C6E /* Data+CacheKey.swift */ = {isa = PBXFileReference; fileEncoding = 4; lastKnownFileType = sourcecode.swift; name = "Data+CacheKey.swift"; path = "SwiftSVG/Data+CacheKey.swift"; sourceTree = "<group>"; };
		3115C0CC1F8FFFC100138C6E /* DelaysApplyingAttributes.swift */ = {isa = PBXFileReference; fileEncoding = 4; lastKnownFileType = sourcecode.swift; name = DelaysApplyingAttributes.swift; path = SwiftSVG/DelaysApplyingAttributes.swift; sourceTree = "<group>"; };
		3115C0CD1F8FFFC100138C6E /* Dictionary+Add.swift */ = {isa = PBXFileReference; fileEncoding = 4; lastKnownFileType = sourcecode.swift; name = "Dictionary+Add.swift"; path = "SwiftSVG/Dictionary+Add.swift"; sourceTree = "<group>"; };
		3115C0CE1F8FFFC100138C6E /* DispatchQueue+Extensions.swift */ = {isa = PBXFileReference; fileEncoding = 4; lastKnownFileType = sourcecode.swift; name = "DispatchQueue+Extensions.swift"; path = "SwiftSVG/DispatchQueue+Extensions.swift"; sourceTree = "<group>"; };
		3115C0CF1F8FFFC100138C6E /* Fillable.swift */ = {isa = PBXFileReference; fileEncoding = 4; lastKnownFileType = sourcecode.swift; name = Fillable.swift; path = SwiftSVG/Fillable.swift; sourceTree = "<group>"; };
		3115C0D01F8FFFC100138C6E /* FloatingPoint+DegreesRadians.swift */ = {isa = PBXFileReference; fileEncoding = 4; lastKnownFileType = sourcecode.swift; name = "FloatingPoint+DegreesRadians.swift"; path = "SwiftSVG/FloatingPoint+DegreesRadians.swift"; sourceTree = "<group>"; };
		3115C0D11F8FFFC100138C6E /* NSBezierPath+CrossPlatform.swift */ = {isa = PBXFileReference; fileEncoding = 4; lastKnownFileType = sourcecode.swift; name = "NSBezierPath+CrossPlatform.swift"; path = "SwiftSVG/NSBezierPath+CrossPlatform.swift"; sourceTree = "<group>"; };
		3115C0D21F8FFFC100138C6E /* NSXMLSVGParser.swift */ = {isa = PBXFileReference; fileEncoding = 4; lastKnownFileType = sourcecode.swift; name = NSXMLSVGParser.swift; path = SwiftSVG/NSXMLSVGParser.swift; sourceTree = "<group>"; };
		3115C0D31F8FFFC100138C6E /* ParsesAsynchronously.swift */ = {isa = PBXFileReference; fileEncoding = 4; lastKnownFileType = sourcecode.swift; name = ParsesAsynchronously.swift; path = SwiftSVG/ParsesAsynchronously.swift; sourceTree = "<group>"; };
		3115C0D41F8FFFC100138C6E /* PathCommand.swift */ = {isa = PBXFileReference; fileEncoding = 4; lastKnownFileType = sourcecode.swift; name = PathCommand.swift; path = SwiftSVG/PathCommand.swift; sourceTree = "<group>"; };
		3115C0D51F8FFFC100138C6E /* PathDLexer.swift */ = {isa = PBXFileReference; fileEncoding = 4; lastKnownFileType = sourcecode.swift; name = PathDLexer.swift; path = SwiftSVG/PathDLexer.swift; sourceTree = "<group>"; };
		3115C0D61F8FFFC100138C6E /* Scalar+FromByteArray.swift */ = {isa = PBXFileReference; fileEncoding = 4; lastKnownFileType = sourcecode.swift; name = "Scalar+FromByteArray.swift"; path = "SwiftSVG/Scalar+FromByteArray.swift"; sourceTree = "<group>"; };
		3115C0D71F8FFFC100138C6E /* Stack.swift */ = {isa = PBXFileReference; fileEncoding = 4; lastKnownFileType = sourcecode.swift; name = Stack.swift; path = SwiftSVG/Stack.swift; sourceTree = "<group>"; };
		3115C0D81F8FFFC100138C6E /* String+Subscript.swift */ = {isa = PBXFileReference; fileEncoding = 4; lastKnownFileType = sourcecode.swift; name = "String+Subscript.swift"; path = "SwiftSVG/String+Subscript.swift"; sourceTree = "<group>"; };
		3115C0D91F8FFFC100138C6E /* String+Trim.swift */ = {isa = PBXFileReference; fileEncoding = 4; lastKnownFileType = sourcecode.swift; name = "String+Trim.swift"; path = "SwiftSVG/String+Trim.swift"; sourceTree = "<group>"; };
		3115C0DA1F8FFFC100138C6E /* Strokable.swift */ = {isa = PBXFileReference; fileEncoding = 4; lastKnownFileType = sourcecode.swift; name = Strokable.swift; path = SwiftSVG/Strokable.swift; sourceTree = "<group>"; };
		3115C0DB1F8FFFC100138C6E /* Stylable.swift */ = {isa = PBXFileReference; fileEncoding = 4; lastKnownFileType = sourcecode.swift; name = Stylable.swift; path = SwiftSVG/Stylable.swift; sourceTree = "<group>"; };
		3115C0DC1F8FFFC100138C6E /* SVGCache.swift */ = {isa = PBXFileReference; fileEncoding = 4; lastKnownFileType = sourcecode.swift; name = SVGCache.swift; path = SwiftSVG/SVGCache.swift; sourceTree = "<group>"; };
		3115C0DD1F8FFFC100138C6E /* SVGCircle.swift */ = {isa = PBXFileReference; fileEncoding = 4; lastKnownFileType = sourcecode.swift; name = SVGCircle.swift; path = SwiftSVG/SVGCircle.swift; sourceTree = "<group>"; };
		3115C0DE1F8FFFC100138C6E /* SVGContainerElement.swift */ = {isa = PBXFileReference; fileEncoding = 4; lastKnownFileType = sourcecode.swift; name = SVGContainerElement.swift; path = SwiftSVG/SVGContainerElement.swift; sourceTree = "<group>"; };
		3115C0DF1F8FFFC100138C6E /* SVGElement.swift */ = {isa = PBXFileReference; fileEncoding = 4; lastKnownFileType = sourcecode.swift; name = SVGElement.swift; path = SwiftSVG/SVGElement.swift; sourceTree = "<group>"; };
		3115C0E01F8FFFC100138C6E /* SVGEllipse.swift */ = {isa = PBXFileReference; fileEncoding = 4; lastKnownFileType = sourcecode.swift; name = SVGEllipse.swift; path = SwiftSVG/SVGEllipse.swift; sourceTree = "<group>"; };
		3115C0E11F8FFFC100138C6E /* SVGGroup.swift */ = {isa = PBXFileReference; fileEncoding = 4; lastKnownFileType = sourcecode.swift; name = SVGGroup.swift; path = SwiftSVG/SVGGroup.swift; sourceTree = "<group>"; };
		3115C0E21F8FFFC100138C6E /* SVGLayer.swift */ = {isa = PBXFileReference; fileEncoding = 4; lastKnownFileType = sourcecode.swift; name = SVGLayer.swift; path = SwiftSVG/SVGLayer.swift; sourceTree = "<group>"; };
		3115C0E31F8FFFC100138C6E /* SVGLine.swift */ = {isa = PBXFileReference; fileEncoding = 4; lastKnownFileType = sourcecode.swift; name = SVGLine.swift; path = SwiftSVG/SVGLine.swift; sourceTree = "<group>"; };
		3115C0E41F8FFFC100138C6E /* SVGParser.swift */ = {isa = PBXFileReference; fileEncoding = 4; lastKnownFileType = sourcecode.swift; name = SVGParser.swift; path = SwiftSVG/SVGParser.swift; sourceTree = "<group>"; };
		3115C0E51F8FFFC100138C6E /* SVGParserSupportedElements.swift */ = {isa = PBXFileReference; fileEncoding = 4; lastKnownFileType = sourcecode.swift; name = SVGParserSupportedElements.swift; path = SwiftSVG/SVGParserSupportedElements.swift; sourceTree = "<group>"; };
		3115C0E61F8FFFC100138C6E /* SVGPath.swift */ = {isa = PBXFileReference; fileEncoding = 4; lastKnownFileType = sourcecode.swift; name = SVGPath.swift; path = SwiftSVG/SVGPath.swift; sourceTree = "<group>"; };
		3115C0E71F8FFFC100138C6E /* SVGPolygon.swift */ = {isa = PBXFileReference; fileEncoding = 4; lastKnownFileType = sourcecode.swift; name = SVGPolygon.swift; path = SwiftSVG/SVGPolygon.swift; sourceTree = "<group>"; };
		3115C0E81F8FFFC100138C6E /* SVGPolyline.swift */ = {isa = PBXFileReference; fileEncoding = 4; lastKnownFileType = sourcecode.swift; name = SVGPolyline.swift; path = SwiftSVG/SVGPolyline.swift; sourceTree = "<group>"; };
		3115C0E91F8FFFC100138C6E /* SVGRectangle.swift */ = {isa = PBXFileReference; fileEncoding = 4; lastKnownFileType = sourcecode.swift; name = SVGRectangle.swift; path = SwiftSVG/SVGRectangle.swift; sourceTree = "<group>"; };
		3115C0EA1F8FFFC100138C6E /* SVGRootElement.swift */ = {isa = PBXFileReference; fileEncoding = 4; lastKnownFileType = sourcecode.swift; name = SVGRootElement.swift; path = SwiftSVG/SVGRootElement.swift; sourceTree = "<group>"; };
		3115C0EB1F8FFFC100138C6E /* SVGShapeElement.swift */ = {isa = PBXFileReference; fileEncoding = 4; lastKnownFileType = sourcecode.swift; name = SVGShapeElement.swift; path = SwiftSVG/SVGShapeElement.swift; sourceTree = "<group>"; };
		3115C0EC1F8FFFC100138C6E /* SVGView.swift */ = {isa = PBXFileReference; fileEncoding = 4; lastKnownFileType = sourcecode.swift; name = SVGView.swift; path = SwiftSVG/SVGView.swift; sourceTree = "<group>"; };
		3115C0ED1F8FFFC100138C6E /* Transformable.swift */ = {isa = PBXFileReference; fileEncoding = 4; lastKnownFileType = sourcecode.swift; name = Transformable.swift; path = SwiftSVG/Transformable.swift; sourceTree = "<group>"; };
		3115C0EE1F8FFFC100138C6E /* UIBezierPath+SVG.swift */ = {isa = PBXFileReference; fileEncoding = 4; lastKnownFileType = sourcecode.swift; name = "UIBezierPath+SVG.swift"; path = "SwiftSVG/UIBezierPath+SVG.swift"; sourceTree = "<group>"; };
		3115C0EF1F8FFFC100138C6E /* UIColor+Extensions.swift */ = {isa = PBXFileReference; fileEncoding = 4; lastKnownFileType = sourcecode.swift; name = "UIColor+Extensions.swift"; path = "SwiftSVG/UIColor+Extensions.swift"; sourceTree = "<group>"; };
		3115C0F01F8FFFC100138C6E /* UIView+SVG.swift */ = {isa = PBXFileReference; fileEncoding = 4; lastKnownFileType = sourcecode.swift; name = "UIView+SVG.swift"; path = "SwiftSVG/UIView+SVG.swift"; sourceTree = "<group>"; };
		314B173F1F8E2F3200D98FA3 /* ChartProgressBar-ios.app */ = {isa = PBXFileReference; explicitFileType = wrapper.application; includeInIndex = 0; path = "ChartProgressBar-ios.app"; sourceTree = BUILT_PRODUCTS_DIR; };
		314B17421F8E2F3200D98FA3 /* AppDelegate.swift */ = {isa = PBXFileReference; lastKnownFileType = sourcecode.swift; path = AppDelegate.swift; sourceTree = "<group>"; };
		314B17471F8E2F3200D98FA3 /* Base */ = {isa = PBXFileReference; lastKnownFileType = file.storyboard; name = Base; path = Base.lproj/Main.storyboard; sourceTree = "<group>"; };
		314B17491F8E2F3200D98FA3 /* Assets.xcassets */ = {isa = PBXFileReference; lastKnownFileType = folder.assetcatalog; path = Assets.xcassets; sourceTree = "<group>"; };
		314B174C1F8E2F3200D98FA3 /* Base */ = {isa = PBXFileReference; lastKnownFileType = file.storyboard; name = Base; path = Base.lproj/LaunchScreen.storyboard; sourceTree = "<group>"; };
		314B174E1F8E2F3200D98FA3 /* Info.plist */ = {isa = PBXFileReference; lastKnownFileType = text.plist.xml; path = Info.plist; sourceTree = "<group>"; };
		314B17531F8E2F3200D98FA3 /* ChartProgressBar-iosTests.xctest */ = {isa = PBXFileReference; explicitFileType = wrapper.cfbundle; includeInIndex = 0; path = "ChartProgressBar-iosTests.xctest"; sourceTree = BUILT_PRODUCTS_DIR; };
		314B175E1F8E2F3200D98FA3 /* ChartProgressBar-iosUITests.xctest */ = {isa = PBXFileReference; explicitFileType = wrapper.cfbundle; includeInIndex = 0; path = "ChartProgressBar-iosUITests.xctest"; sourceTree = BUILT_PRODUCTS_DIR; };
		316B42471F8FE79C008A89DC /* Bar.swift */ = {isa = PBXFileReference; fileEncoding = 4; lastKnownFileType = sourcecode.swift; path = Bar.swift; sourceTree = "<group>"; };
		316B42481F8FE79C008A89DC /* BarData.swift */ = {isa = PBXFileReference; fileEncoding = 4; lastKnownFileType = sourcecode.swift; path = BarData.swift; sourceTree = "<group>"; };
		316B42491F8FE79C008A89DC /* ChartProgressBar.swift */ = {isa = PBXFileReference; fileEncoding = 4; lastKnownFileType = sourcecode.swift; path = ChartProgressBar.swift; sourceTree = "<group>"; tabWidth = 3; usesTabs = 1; };
		31EDFA881F8FBB01000C41AF /* SampleViewController.swift */ = {isa = PBXFileReference; fileEncoding = 4; lastKnownFileType = sourcecode.swift; path = SampleViewController.swift; sourceTree = "<group>"; };
/* End PBXFileReference section */

/* Begin PBXFrameworksBuildPhase section */
		314B173C1F8E2F3200D98FA3 /* Frameworks */ = {
			isa = PBXFrameworksBuildPhase;
			buildActionMask = 2147483647;
			files = (
			);
			runOnlyForDeploymentPostprocessing = 0;
		};
		314B17501F8E2F3200D98FA3 /* Frameworks */ = {
			isa = PBXFrameworksBuildPhase;
			buildActionMask = 2147483647;
			files = (
			);
			runOnlyForDeploymentPostprocessing = 0;
		};
		314B175B1F8E2F3200D98FA3 /* Frameworks */ = {
			isa = PBXFrameworksBuildPhase;
			buildActionMask = 2147483647;
			files = (
			);
			runOnlyForDeploymentPostprocessing = 0;
		};
/* End PBXFrameworksBuildPhase section */

/* Begin PBXGroup section */
		3115C0A91F8FF7C800138C6E /* lib */ = {
			isa = PBXGroup;
			children = (
				3115C0C41F8FFF8300138C6E /* SwiftSVG */,
				316B42471F8FE79C008A89DC /* Bar.swift */,
				316B42481F8FE79C008A89DC /* BarData.swift */,
				316B42491F8FE79C008A89DC /* ChartProgressBar.swift */,
			);
			name = lib;
			sourceTree = "<group>";
		};
		3115C0C41F8FFF8300138C6E /* SwiftSVG */ = {
			isa = PBXGroup;
			children = (
				3115C0C51F8FFFC000138C6E /* BinaryFloatingPoint+ParseLengthString.swift */,
				3115C0C61F8FFFC000138C6E /* CALayer+Sublayers.swift */,
				3115C0C71F8FFFC000138C6E /* CALayer+SVG.swift */,
				3115C0C81F8FFFC000138C6E /* CAShapeLayer+SVG.swift */,
				3115C0C91F8FFFC000138C6E /* CoordinateLexer.swift */,
				3115C0CA1F8FFFC000138C6E /* CrossPlatform.swift */,
				3115C0CB1F8FFFC100138C6E /* Data+CacheKey.swift */,
				3115C0CC1F8FFFC100138C6E /* DelaysApplyingAttributes.swift */,
				3115C0CD1F8FFFC100138C6E /* Dictionary+Add.swift */,
				3115C0CE1F8FFFC100138C6E /* DispatchQueue+Extensions.swift */,
				3115C0CF1F8FFFC100138C6E /* Fillable.swift */,
				3115C0D01F8FFFC100138C6E /* FloatingPoint+DegreesRadians.swift */,
				3115C0D11F8FFFC100138C6E /* NSBezierPath+CrossPlatform.swift */,
				3115C0D21F8FFFC100138C6E /* NSXMLSVGParser.swift */,
				3115C0D31F8FFFC100138C6E /* ParsesAsynchronously.swift */,
				3115C0D41F8FFFC100138C6E /* PathCommand.swift */,
				3115C0D51F8FFFC100138C6E /* PathDLexer.swift */,
				3115C0D61F8FFFC100138C6E /* Scalar+FromByteArray.swift */,
				3115C0D71F8FFFC100138C6E /* Stack.swift */,
				3115C0D81F8FFFC100138C6E /* String+Subscript.swift */,
				3115C0D91F8FFFC100138C6E /* String+Trim.swift */,
				3115C0DA1F8FFFC100138C6E /* Strokable.swift */,
				3115C0DB1F8FFFC100138C6E /* Stylable.swift */,
				3115C0DC1F8FFFC100138C6E /* SVGCache.swift */,
				3115C0DD1F8FFFC100138C6E /* SVGCircle.swift */,
				3115C0DE1F8FFFC100138C6E /* SVGContainerElement.swift */,
				3115C0DF1F8FFFC100138C6E /* SVGElement.swift */,
				3115C0E01F8FFFC100138C6E /* SVGEllipse.swift */,
				3115C0E11F8FFFC100138C6E /* SVGGroup.swift */,
				3115C0E21F8FFFC100138C6E /* SVGLayer.swift */,
				3115C0E31F8FFFC100138C6E /* SVGLine.swift */,
				3115C0E41F8FFFC100138C6E /* SVGParser.swift */,
				3115C0E51F8FFFC100138C6E /* SVGParserSupportedElements.swift */,
				3115C0E61F8FFFC100138C6E /* SVGPath.swift */,
				3115C0E71F8FFFC100138C6E /* SVGPolygon.swift */,
				3115C0E81F8FFFC100138C6E /* SVGPolyline.swift */,
				3115C0E91F8FFFC100138C6E /* SVGRectangle.swift */,
				3115C0EA1F8FFFC100138C6E /* SVGRootElement.swift */,
				3115C0EB1F8FFFC100138C6E /* SVGShapeElement.swift */,
				3115C0EC1F8FFFC100138C6E /* SVGView.swift */,
				3115C0ED1F8FFFC100138C6E /* Transformable.swift */,
				3115C0EE1F8FFFC100138C6E /* UIBezierPath+SVG.swift */,
				3115C0EF1F8FFFC100138C6E /* UIColor+Extensions.swift */,
				3115C0F01F8FFFC100138C6E /* UIView+SVG.swift */,
			);
			name = SwiftSVG;
			sourceTree = "<group>";
		};
		314B17361F8E2F3200D98FA3 = {
			isa = PBXGroup;
			children = (
				310D61B81F8E58EA0034F1EC /* pin.svg */,
				314B17411F8E2F3200D98FA3 /* ChartProgressBar-ios */,
				314B17401F8E2F3200D98FA3 /* Products */,
			);
			sourceTree = "<group>";
		};
		314B17401F8E2F3200D98FA3 /* Products */ = {
			isa = PBXGroup;
			children = (
				314B173F1F8E2F3200D98FA3 /* ChartProgressBar-ios.app */,
				314B17531F8E2F3200D98FA3 /* ChartProgressBar-iosTests.xctest */,
				314B175E1F8E2F3200D98FA3 /* ChartProgressBar-iosUITests.xctest */,
			);
			name = Products;
			sourceTree = "<group>";
		};
		314B17411F8E2F3200D98FA3 /* ChartProgressBar-ios */ = {
			isa = PBXGroup;
			children = (
				3115C0A91F8FF7C800138C6E /* lib */,
				314B17421F8E2F3200D98FA3 /* AppDelegate.swift */,
				314B17461F8E2F3200D98FA3 /* Main.storyboard */,
				314B17491F8E2F3200D98FA3 /* Assets.xcassets */,
				314B174B1F8E2F3200D98FA3 /* LaunchScreen.storyboard */,
				314B174E1F8E2F3200D98FA3 /* Info.plist */,
				31EDFA881F8FBB01000C41AF /* SampleViewController.swift */,
			);
			path = "ChartProgressBar-ios";
			sourceTree = "<group>";
		};
/* End PBXGroup section */

/* Begin PBXNativeTarget section */
		314B173E1F8E2F3200D98FA3 /* ChartProgressBar-ios */ = {
			isa = PBXNativeTarget;
			buildConfigurationList = 314B17671F8E2F3200D98FA3 /* Build configuration list for PBXNativeTarget "ChartProgressBar-ios" */;
			buildPhases = (
				314B173B1F8E2F3200D98FA3 /* Sources */,
				314B173C1F8E2F3200D98FA3 /* Frameworks */,
				314B173D1F8E2F3200D98FA3 /* Resources */,
			);
			buildRules = (
			);
			dependencies = (
			);
			name = "ChartProgressBar-ios";
			productName = "ChartProgressBar-ios";
			productReference = 314B173F1F8E2F3200D98FA3 /* ChartProgressBar-ios.app */;
			productType = "com.apple.product-type.application";
		};
		314B17521F8E2F3200D98FA3 /* ChartProgressBar-iosTests */ = {
			isa = PBXNativeTarget;
			buildConfigurationList = 314B176A1F8E2F3200D98FA3 /* Build configuration list for PBXNativeTarget "ChartProgressBar-iosTests" */;
			buildPhases = (
				314B174F1F8E2F3200D98FA3 /* Sources */,
				314B17501F8E2F3200D98FA3 /* Frameworks */,
				314B17511F8E2F3200D98FA3 /* Resources */,
			);
			buildRules = (
			);
			dependencies = (
				314B17551F8E2F3200D98FA3 /* PBXTargetDependency */,
			);
			name = "ChartProgressBar-iosTests";
			productName = "ChartProgressBar-iosTests";
			productReference = 314B17531F8E2F3200D98FA3 /* ChartProgressBar-iosTests.xctest */;
			productType = "com.apple.product-type.bundle.unit-test";
		};
		314B175D1F8E2F3200D98FA3 /* ChartProgressBar-iosUITests */ = {
			isa = PBXNativeTarget;
			buildConfigurationList = 314B176D1F8E2F3200D98FA3 /* Build configuration list for PBXNativeTarget "ChartProgressBar-iosUITests" */;
			buildPhases = (
				314B175A1F8E2F3200D98FA3 /* Sources */,
				314B175B1F8E2F3200D98FA3 /* Frameworks */,
				314B175C1F8E2F3200D98FA3 /* Resources */,
			);
			buildRules = (
			);
			dependencies = (
				314B17601F8E2F3200D98FA3 /* PBXTargetDependency */,
			);
			name = "ChartProgressBar-iosUITests";
			productName = "ChartProgressBar-iosUITests";
			productReference = 314B175E1F8E2F3200D98FA3 /* ChartProgressBar-iosUITests.xctest */;
			productType = "com.apple.product-type.bundle.ui-testing";
		};
/* End PBXNativeTarget section */

/* Begin PBXProject section */
		314B17371F8E2F3200D98FA3 /* Project object */ = {
			isa = PBXProject;
			attributes = {
				LastSwiftUpdateCheck = 0830;
				LastUpgradeCheck = 0830;
				ORGANIZATIONNAME = "Hadi Dbouk";
				TargetAttributes = {
					314B173E1F8E2F3200D98FA3 = {
						CreatedOnToolsVersion = 8.3.3;
						ProvisioningStyle = Automatic;
					};
					314B17521F8E2F3200D98FA3 = {
						CreatedOnToolsVersion = 8.3.3;
						ProvisioningStyle = Automatic;
						TestTargetID = 314B173E1F8E2F3200D98FA3;
					};
					314B175D1F8E2F3200D98FA3 = {
						CreatedOnToolsVersion = 8.3.3;
						ProvisioningStyle = Automatic;
						TestTargetID = 314B173E1F8E2F3200D98FA3;
					};
				};
			};
			buildConfigurationList = 314B173A1F8E2F3200D98FA3 /* Build configuration list for PBXProject "ChartProgressBar-ios" */;
			compatibilityVersion = "Xcode 3.2";
			developmentRegion = English;
			hasScannedForEncodings = 0;
			knownRegions = (
				en,
				Base,
			);
			mainGroup = 314B17361F8E2F3200D98FA3;
			productRefGroup = 314B17401F8E2F3200D98FA3 /* Products */;
			projectDirPath = "";
			projectRoot = "";
			targets = (
				314B173E1F8E2F3200D98FA3 /* ChartProgressBar-ios */,
				314B17521F8E2F3200D98FA3 /* ChartProgressBar-iosTests */,
				314B175D1F8E2F3200D98FA3 /* ChartProgressBar-iosUITests */,
			);
		};
/* End PBXProject section */

/* Begin PBXResourcesBuildPhase section */
		314B173D1F8E2F3200D98FA3 /* Resources */ = {
			isa = PBXResourcesBuildPhase;
			buildActionMask = 2147483647;
			files = (
				310D61B91F8E58EA0034F1EC /* pin.svg in Resources */,
				314B174D1F8E2F3200D98FA3 /* LaunchScreen.storyboard in Resources */,
				314B174A1F8E2F3200D98FA3 /* Assets.xcassets in Resources */,
				314B17481F8E2F3200D98FA3 /* Main.storyboard in Resources */,
			);
			runOnlyForDeploymentPostprocessing = 0;
		};
		314B17511F8E2F3200D98FA3 /* Resources */ = {
			isa = PBXResourcesBuildPhase;
			buildActionMask = 2147483647;
			files = (
			);
			runOnlyForDeploymentPostprocessing = 0;
		};
		314B175C1F8E2F3200D98FA3 /* Resources */ = {
			isa = PBXResourcesBuildPhase;
			buildActionMask = 2147483647;
			files = (
			);
			runOnlyForDeploymentPostprocessing = 0;
		};
/* End PBXResourcesBuildPhase section */

/* Begin PBXSourcesBuildPhase section */
		314B173B1F8E2F3200D98FA3 /* Sources */ = {
			isa = PBXSourcesBuildPhase;
			buildActionMask = 2147483647;
			files = (
				3115C0F81F8FFFC100138C6E /* DelaysApplyingAttributes.swift in Sources */,
				3115C0F41F8FFFC100138C6E /* CAShapeLayer+SVG.swift in Sources */,
				3115C1051F8FFFC100138C6E /* String+Trim.swift in Sources */,
				3115C0F31F8FFFC100138C6E /* CALayer+SVG.swift in Sources */,
				3115C1151F8FFFC100138C6E /* SVGRectangle.swift in Sources */,
				3115C0FA1F8FFFC100138C6E /* DispatchQueue+Extensions.swift in Sources */,
				3115C11C1F8FFFC100138C6E /* UIView+SVG.swift in Sources */,
				3115C1181F8FFFC100138C6E /* SVGView.swift in Sources */,
				3115C10B1F8FFFC100138C6E /* SVGElement.swift in Sources */,
				3115C1171F8FFFC100138C6E /* SVGShapeElement.swift in Sources */,
				3115C10C1F8FFFC100138C6E /* SVGEllipse.swift in Sources */,
				3115C1071F8FFFC100138C6E /* Stylable.swift in Sources */,
				3115C1031F8FFFC100138C6E /* Stack.swift in Sources */,
				3115C1021F8FFFC100138C6E /* Scalar+FromByteArray.swift in Sources */,
				3115C0FF1F8FFFC100138C6E /* ParsesAsynchronously.swift in Sources */,
				3115C1141F8FFFC100138C6E /* SVGPolyline.swift in Sources */,
				3115C0FB1F8FFFC100138C6E /* Fillable.swift in Sources */,
				3115C1011F8FFFC100138C6E /* PathDLexer.swift in Sources */,
				3115C0F51F8FFFC100138C6E /* CoordinateLexer.swift in Sources */,
				3115C10E1F8FFFC100138C6E /* SVGLayer.swift in Sources */,
				3115C10D1F8FFFC100138C6E /* SVGGroup.swift in Sources */,
				3115C10F1F8FFFC100138C6E /* SVGLine.swift in Sources */,
				3115C1061F8FFFC100138C6E /* Strokable.swift in Sources */,
				3115C1161F8FFFC100138C6E /* SVGRootElement.swift in Sources */,
				3115C0F21F8FFFC100138C6E /* CALayer+Sublayers.swift in Sources */,
				3115C1131F8FFFC100138C6E /* SVGPolygon.swift in Sources */,
				3115C0FC1F8FFFC100138C6E /* FloatingPoint+DegreesRadians.swift in Sources */,
				3115C0F71F8FFFC100138C6E /* Data+CacheKey.swift in Sources */,
				31EDFA891F8FBB01000C41AF /* SampleViewController.swift in Sources */,
				3115C0FD1F8FFFC100138C6E /* NSBezierPath+CrossPlatform.swift in Sources */,
				3115C1091F8FFFC100138C6E /* SVGCircle.swift in Sources */,
				316B424B1F8FE79C008A89DC /* Bar.swift in Sources */,
				3115C10A1F8FFFC100138C6E /* SVGContainerElement.swift in Sources */,
				3115C1191F8FFFC100138C6E /* Transformable.swift in Sources */,
				3115C1121F8FFFC100138C6E /* SVGPath.swift in Sources */,
				314B17431F8E2F3200D98FA3 /* AppDelegate.swift in Sources */,
				3115C0F91F8FFFC100138C6E /* Dictionary+Add.swift in Sources */,
				3115C0FE1F8FFFC100138C6E /* NSXMLSVGParser.swift in Sources */,
				3115C11A1F8FFFC100138C6E /* UIBezierPath+SVG.swift in Sources */,
				316B424C1F8FE79C008A89DC /* BarData.swift in Sources */,
				3115C0F11F8FFFC100138C6E /* BinaryFloatingPoint+ParseLengthString.swift in Sources */,
				3115C0F61F8FFFC100138C6E /* CrossPlatform.swift in Sources */,
				3115C1111F8FFFC100138C6E /* SVGParserSupportedElements.swift in Sources */,
				3115C1001F8FFFC100138C6E /* PathCommand.swift in Sources */,
				3115C11B1F8FFFC100138C6E /* UIColor+Extensions.swift in Sources */,
				3115C1081F8FFFC100138C6E /* SVGCache.swift in Sources */,
				3115C1101F8FFFC100138C6E /* SVGParser.swift in Sources */,
				3115C1041F8FFFC100138C6E /* String+Subscript.swift in Sources */,
				316B424D1F8FE79C008A89DC /* ChartProgressBar.swift in Sources */,
			);
			runOnlyForDeploymentPostprocessing = 0;
		};
		314B174F1F8E2F3200D98FA3 /* Sources */ = {
			isa = PBXSourcesBuildPhase;
			buildActionMask = 2147483647;
			files = (
			);
			runOnlyForDeploymentPostprocessing = 0;
		};
		314B175A1F8E2F3200D98FA3 /* Sources */ = {
			isa = PBXSourcesBuildPhase;
			buildActionMask = 2147483647;
			files = (
			);
			runOnlyForDeploymentPostprocessing = 0;
		};
/* End PBXSourcesBuildPhase section */

/* Begin PBXTargetDependency section */
		314B17551F8E2F3200D98FA3 /* PBXTargetDependency */ = {
			isa = PBXTargetDependency;
			target = 314B173E1F8E2F3200D98FA3 /* ChartProgressBar-ios */;
			targetProxy = 314B17541F8E2F3200D98FA3 /* PBXContainerItemProxy */;
		};
		314B17601F8E2F3200D98FA3 /* PBXTargetDependency */ = {
			isa = PBXTargetDependency;
			target = 314B173E1F8E2F3200D98FA3 /* ChartProgressBar-ios */;
			targetProxy = 314B175F1F8E2F3200D98FA3 /* PBXContainerItemProxy */;
		};
/* End PBXTargetDependency section */

/* Begin PBXVariantGroup section */
		314B17461F8E2F3200D98FA3 /* Main.storyboard */ = {
			isa = PBXVariantGroup;
			children = (
				314B17471F8E2F3200D98FA3 /* Base */,
			);
			name = Main.storyboard;
			sourceTree = "<group>";
		};
		314B174B1F8E2F3200D98FA3 /* LaunchScreen.storyboard */ = {
			isa = PBXVariantGroup;
			children = (
				314B174C1F8E2F3200D98FA3 /* Base */,
			);
			name = LaunchScreen.storyboard;
			sourceTree = "<group>";
		};
/* End PBXVariantGroup section */

/* Begin XCBuildConfiguration section */
		314B17651F8E2F3200D98FA3 /* Debug */ = {
			isa = XCBuildConfiguration;
			buildSettings = {
				ALWAYS_SEARCH_USER_PATHS = NO;
				CLANG_ANALYZER_NONNULL = YES;
				CLANG_ANALYZER_NUMBER_OBJECT_CONVERSION = YES_AGGRESSIVE;
				CLANG_CXX_LANGUAGE_STANDARD = "gnu++0x";
				CLANG_CXX_LIBRARY = "libc++";
				CLANG_ENABLE_MODULES = YES;
				CLANG_ENABLE_OBJC_ARC = YES;
				CLANG_WARN_BOOL_CONVERSION = YES;
				CLANG_WARN_CONSTANT_CONVERSION = YES;
				CLANG_WARN_DIRECT_OBJC_ISA_USAGE = YES_ERROR;
				CLANG_WARN_DOCUMENTATION_COMMENTS = YES;
				CLANG_WARN_EMPTY_BODY = YES;
				CLANG_WARN_ENUM_CONVERSION = YES;
				CLANG_WARN_INFINITE_RECURSION = YES;
				CLANG_WARN_INT_CONVERSION = YES;
				CLANG_WARN_OBJC_ROOT_CLASS = YES_ERROR;
				CLANG_WARN_SUSPICIOUS_MOVE = YES;
				CLANG_WARN_UNREACHABLE_CODE = YES;
				CLANG_WARN__DUPLICATE_METHOD_MATCH = YES;
				"CODE_SIGN_IDENTITY[sdk=iphoneos*]" = "iPhone Developer";
				COPY_PHASE_STRIP = NO;
				DEBUG_INFORMATION_FORMAT = dwarf;
				ENABLE_STRICT_OBJC_MSGSEND = YES;
				ENABLE_TESTABILITY = YES;
				GCC_C_LANGUAGE_STANDARD = gnu99;
				GCC_DYNAMIC_NO_PIC = NO;
				GCC_NO_COMMON_BLOCKS = YES;
				GCC_OPTIMIZATION_LEVEL = 0;
				GCC_PREPROCESSOR_DEFINITIONS = (
					"DEBUG=1",
					"$(inherited)",
				);
				GCC_WARN_64_TO_32_BIT_CONVERSION = YES;
				GCC_WARN_ABOUT_RETURN_TYPE = YES_ERROR;
				GCC_WARN_UNDECLARED_SELECTOR = YES;
				GCC_WARN_UNINITIALIZED_AUTOS = YES_AGGRESSIVE;
				GCC_WARN_UNUSED_FUNCTION = YES;
				GCC_WARN_UNUSED_VARIABLE = YES;
				IPHONEOS_DEPLOYMENT_TARGET = 10.3;
				MTL_ENABLE_DEBUG_INFO = YES;
				ONLY_ACTIVE_ARCH = YES;
				SDKROOT = iphoneos;
				SWIFT_ACTIVE_COMPILATION_CONDITIONS = DEBUG;
				SWIFT_OPTIMIZATION_LEVEL = "-Onone";
				TARGETED_DEVICE_FAMILY = "1,2";
			};
			name = Debug;
		};
		314B17661F8E2F3200D98FA3 /* Release */ = {
			isa = XCBuildConfiguration;
			buildSettings = {
				ALWAYS_SEARCH_USER_PATHS = NO;
				CLANG_ANALYZER_NONNULL = YES;
				CLANG_ANALYZER_NUMBER_OBJECT_CONVERSION = YES_AGGRESSIVE;
				CLANG_CXX_LANGUAGE_STANDARD = "gnu++0x";
				CLANG_CXX_LIBRARY = "libc++";
				CLANG_ENABLE_MODULES = YES;
				CLANG_ENABLE_OBJC_ARC = YES;
				CLANG_WARN_BOOL_CONVERSION = YES;
				CLANG_WARN_CONSTANT_CONVERSION = YES;
				CLANG_WARN_DIRECT_OBJC_ISA_USAGE = YES_ERROR;
				CLANG_WARN_DOCUMENTATION_COMMENTS = YES;
				CLANG_WARN_EMPTY_BODY = YES;
				CLANG_WARN_ENUM_CONVERSION = YES;
				CLANG_WARN_INFINITE_RECURSION = YES;
				CLANG_WARN_INT_CONVERSION = YES;
				CLANG_WARN_OBJC_ROOT_CLASS = YES_ERROR;
				CLANG_WARN_SUSPICIOUS_MOVE = YES;
				CLANG_WARN_UNREACHABLE_CODE = YES;
				CLANG_WARN__DUPLICATE_METHOD_MATCH = YES;
				"CODE_SIGN_IDENTITY[sdk=iphoneos*]" = "iPhone Developer";
				COPY_PHASE_STRIP = NO;
				DEBUG_INFORMATION_FORMAT = "dwarf-with-dsym";
				ENABLE_NS_ASSERTIONS = NO;
				ENABLE_STRICT_OBJC_MSGSEND = YES;
				GCC_C_LANGUAGE_STANDARD = gnu99;
				GCC_NO_COMMON_BLOCKS = YES;
				GCC_WARN_64_TO_32_BIT_CONVERSION = YES;
				GCC_WARN_ABOUT_RETURN_TYPE = YES_ERROR;
				GCC_WARN_UNDECLARED_SELECTOR = YES;
				GCC_WARN_UNINITIALIZED_AUTOS = YES_AGGRESSIVE;
				GCC_WARN_UNUSED_FUNCTION = YES;
				GCC_WARN_UNUSED_VARIABLE = YES;
				IPHONEOS_DEPLOYMENT_TARGET = 10.3;
				MTL_ENABLE_DEBUG_INFO = NO;
				SDKROOT = iphoneos;
				SWIFT_OPTIMIZATION_LEVEL = "-Owholemodule";
				TARGETED_DEVICE_FAMILY = "1,2";
				VALIDATE_PRODUCT = YES;
			};
			name = Release;
		};
		314B17681F8E2F3200D98FA3 /* Debug */ = {
			isa = XCBuildConfiguration;
			buildSettings = {
				ASSETCATALOG_COMPILER_APPICON_NAME = AppIcon;
				INFOPLIST_FILE = "ChartProgressBar-ios/Info.plist";
				LD_RUNPATH_SEARCH_PATHS = "$(inherited) @executable_path/Frameworks";
				PRODUCT_BUNDLE_IDENTIFIER = "beyondtec.ChartProgressBar-ios";
				PRODUCT_NAME = "$(TARGET_NAME)";
				SWIFT_VERSION = 3.0;
			};
			name = Debug;
		};
		314B17691F8E2F3200D98FA3 /* Release */ = {
			isa = XCBuildConfiguration;
			buildSettings = {
				ASSETCATALOG_COMPILER_APPICON_NAME = AppIcon;
				INFOPLIST_FILE = "ChartProgressBar-ios/Info.plist";
				LD_RUNPATH_SEARCH_PATHS = "$(inherited) @executable_path/Frameworks";
				PRODUCT_BUNDLE_IDENTIFIER = "beyondtec.ChartProgressBar-ios";
				PRODUCT_NAME = "$(TARGET_NAME)";
				SWIFT_VERSION = 3.0;
			};
			name = Release;
		};
		314B176B1F8E2F3200D98FA3 /* Debug */ = {
			isa = XCBuildConfiguration;
			buildSettings = {
				ALWAYS_EMBED_SWIFT_STANDARD_LIBRARIES = YES;
				BUNDLE_LOADER = "$(TEST_HOST)";
				INFOPLIST_FILE = "ChartProgressBar-iosTests/Info.plist";
				LD_RUNPATH_SEARCH_PATHS = "$(inherited) @executable_path/Frameworks @loader_path/Frameworks";
				PRODUCT_BUNDLE_IDENTIFIER = "beyondtec.ChartProgressBar-iosTests";
				PRODUCT_NAME = "$(TARGET_NAME)";
				SWIFT_VERSION = 3.0;
				TEST_HOST = "$(BUILT_PRODUCTS_DIR)/ChartProgressBar-ios.app/ChartProgressBar-ios";
			};
			name = Debug;
		};
		314B176C1F8E2F3200D98FA3 /* Release */ = {
			isa = XCBuildConfiguration;
			buildSettings = {
				ALWAYS_EMBED_SWIFT_STANDARD_LIBRARIES = YES;
				BUNDLE_LOADER = "$(TEST_HOST)";
				INFOPLIST_FILE = "ChartProgressBar-iosTests/Info.plist";
				LD_RUNPATH_SEARCH_PATHS = "$(inherited) @executable_path/Frameworks @loader_path/Frameworks";
				PRODUCT_BUNDLE_IDENTIFIER = "beyondtec.ChartProgressBar-iosTests";
				PRODUCT_NAME = "$(TARGET_NAME)";
				SWIFT_VERSION = 3.0;
				TEST_HOST = "$(BUILT_PRODUCTS_DIR)/ChartProgressBar-ios.app/ChartProgressBar-ios";
			};
			name = Release;
		};
		314B176E1F8E2F3200D98FA3 /* Debug */ = {
			isa = XCBuildConfiguration;
			buildSettings = {
				ALWAYS_EMBED_SWIFT_STANDARD_LIBRARIES = YES;
				INFOPLIST_FILE = "ChartProgressBar-iosUITests/Info.plist";
				LD_RUNPATH_SEARCH_PATHS = "$(inherited) @executable_path/Frameworks @loader_path/Frameworks";
				PRODUCT_BUNDLE_IDENTIFIER = "beyondtec.ChartProgressBar-iosUITests";
				PRODUCT_NAME = "$(TARGET_NAME)";
				SWIFT_VERSION = 3.0;
				TEST_TARGET_NAME = "ChartProgressBar-ios";
			};
			name = Debug;
		};
		314B176F1F8E2F3200D98FA3 /* Release */ = {
			isa = XCBuildConfiguration;
			buildSettings = {
				ALWAYS_EMBED_SWIFT_STANDARD_LIBRARIES = YES;
				INFOPLIST_FILE = "ChartProgressBar-iosUITests/Info.plist";
				LD_RUNPATH_SEARCH_PATHS = "$(inherited) @executable_path/Frameworks @loader_path/Frameworks";
				PRODUCT_BUNDLE_IDENTIFIER = "beyondtec.ChartProgressBar-iosUITests";
				PRODUCT_NAME = "$(TARGET_NAME)";
				SWIFT_VERSION = 3.0;
				TEST_TARGET_NAME = "ChartProgressBar-ios";
			};
			name = Release;
		};
/* End XCBuildConfiguration section */

/* Begin XCConfigurationList section */
		314B173A1F8E2F3200D98FA3 /* Build configuration list for PBXProject "ChartProgressBar-ios" */ = {
			isa = XCConfigurationList;
			buildConfigurations = (
				314B17651F8E2F3200D98FA3 /* Debug */,
				314B17661F8E2F3200D98FA3 /* Release */,
			);
			defaultConfigurationIsVisible = 0;
			defaultConfigurationName = Release;
		};
		314B17671F8E2F3200D98FA3 /* Build configuration list for PBXNativeTarget "ChartProgressBar-ios" */ = {
			isa = XCConfigurationList;
			buildConfigurations = (
				314B17681F8E2F3200D98FA3 /* Debug */,
				314B17691F8E2F3200D98FA3 /* Release */,
			);
			defaultConfigurationIsVisible = 0;
			defaultConfigurationName = Release;
		};
		314B176A1F8E2F3200D98FA3 /* Build configuration list for PBXNativeTarget "ChartProgressBar-iosTests" */ = {
			isa = XCConfigurationList;
			buildConfigurations = (
				314B176B1F8E2F3200D98FA3 /* Debug */,
				314B176C1F8E2F3200D98FA3 /* Release */,
			);
			defaultConfigurationIsVisible = 0;
			defaultConfigurationName = Release;
		};
		314B176D1F8E2F3200D98FA3 /* Build configuration list for PBXNativeTarget "ChartProgressBar-iosUITests" */ = {
			isa = XCConfigurationList;
			buildConfigurations = (
				314B176E1F8E2F3200D98FA3 /* Debug */,
				314B176F1F8E2F3200D98FA3 /* Release */,
			);
			defaultConfigurationIsVisible = 0;
			defaultConfigurationName = Release;
		};
/* End XCConfigurationList section */
	};
	rootObject = 314B17371F8E2F3200D98FA3 /* Project object */;
}
