// !$*UTF8*$!
{
	archiveVersion = 1;
	classes = {
	};
	objectVersion = 46;
	objects = {

/* Begin PBXBuildFile section */
		314B17431F8E2F3200D98FA3 /* AppDelegate.swift in Sources */ = {isa = PBXBuildFile; fileRef = 314B17421F8E2F3200D98FA3 /* AppDelegate.swift */; };
		314B17481F8E2F3200D98FA3 /* Main.storyboard in Resources */ = {isa = PBXBuildFile; fileRef = 314B17461F8E2F3200D98FA3 /* Main.storyboard */; };
		314B174A1F8E2F3200D98FA3 /* Assets.xcassets in Resources */ = {isa = PBXBuildFile; fileRef = 314B17491F8E2F3200D98FA3 /* Assets.xcassets */; };
		314B174D1F8E2F3200D98FA3 /* LaunchScreen.storyboard in Resources */ = {isa = PBXBuildFile; fileRef = 314B174B1F8E2F3200D98FA3 /* LaunchScreen.storyboard */; };
		7DC66FE83943405C815071D3 /* Pods_ChartProgressBar_iosUITests.framework in Frameworks */ = {isa = PBXBuildFile; fileRef = 5C8C08ECFF76855180EA797F /* Pods_ChartProgressBar_iosUITests.framework */; };
		DBA26E2C66B2AF8F1F0E3444 /* Pods_ChartProgressBar_iosTests.framework in Frameworks */ = {isa = PBXBuildFile; fileRef = A09E48B7228EF64EBC9087E0 /* Pods_ChartProgressBar_iosTests.framework */; };
		EAA8F6F31C98E12D96F7BF7B /* Pods_ChartProgressBar_ios.framework in Frameworks */ = {isa = PBXBuildFile; fileRef = 4F599CA2F2094272922B3FA7 /* Pods_ChartProgressBar_ios.framework */; };
		EC43906920188121006FCCE8 /* MainViewController.swift in Sources */ = {isa = PBXBuildFile; fileRef = EC43906820188121006FCCE8 /* MainViewController.swift */; };
/* End PBXBuildFile section */

/* Begin PBXContainerItemProxy section */
		314B17541F8E2F3200D98FA3 /* PBXContainerItemProxy */ = {
			isa = PBXContainerItemProxy;
			containerPortal = 314B17371F8E2F3200D98FA3 /* Project object */;
			proxyType = 1;
			remoteGlobalIDString = 314B173E1F8E2F3200D98FA3;
			remoteInfo = "ChartProgressBar-ios";
		};
		314B175F1F8E2F3200D98FA3 /* PBXContainerItemProxy */ = {
			isa = PBXContainerItemProxy;
			containerPortal = 314B17371F8E2F3200D98FA3 /* Project object */;
			proxyType = 1;
			remoteGlobalIDString = 314B173E1F8E2F3200D98FA3;
			remoteInfo = "ChartProgressBar-ios";
		};
/* End PBXContainerItemProxy section */

/* Begin PBXFileReference section */
		314B173F1F8E2F3200D98FA3 /* ChartProgressBar-ios.app */ = {isa = PBXFileReference; explicitFileType = wrapper.application; includeInIndex = 0; path = "ChartProgressBar-ios.app"; sourceTree = BUILT_PRODUCTS_DIR; };
		314B17421F8E2F3200D98FA3 /* AppDelegate.swift */ = {isa = PBXFileReference; lastKnownFileType = sourcecode.swift; path = AppDelegate.swift; sourceTree = "<group>"; };
		314B17471F8E2F3200D98FA3 /* Base */ = {isa = PBXFileReference; lastKnownFileType = file.storyboard; name = Base; path = Base.lproj/Main.storyboard; sourceTree = "<group>"; };
		314B17491F8E2F3200D98FA3 /* Assets.xcassets */ = {isa = PBXFileReference; lastKnownFileType = folder.assetcatalog; path = Assets.xcassets; sourceTree = "<group>"; };
		314B174C1F8E2F3200D98FA3 /* Base */ = {isa = PBXFileReference; lastKnownFileType = file.storyboard; name = Base; path = Base.lproj/LaunchScreen.storyboard; sourceTree = "<group>"; };
		314B174E1F8E2F3200D98FA3 /* Info.plist */ = {isa = PBXFileReference; lastKnownFileType = text.plist.xml; path = Info.plist; sourceTree = "<group>"; };
		314B17531F8E2F3200D98FA3 /* ChartProgressBar-iosTests.xctest */ = {isa = PBXFileReference; explicitFileType = wrapper.cfbundle; includeInIndex = 0; path = "ChartProgressBar-iosTests.xctest"; sourceTree = BUILT_PRODUCTS_DIR; };
		314B175E1F8E2F3200D98FA3 /* ChartProgressBar-iosUITests.xctest */ = {isa = PBXFileReference; explicitFileType = wrapper.cfbundle; includeInIndex = 0; path = "ChartProgressBar-iosUITests.xctest"; sourceTree = BUILT_PRODUCTS_DIR; };
		4F599CA2F2094272922B3FA7 /* Pods_ChartProgressBar_ios.framework */ = {isa = PBXFileReference; explicitFileType = wrapper.framework; includeInIndex = 0; path = Pods_ChartProgressBar_ios.framework; sourceTree = BUILT_PRODUCTS_DIR; };
		527CFBB6E6CDF41FA67B50F7 /* Pods-ChartProgressBar-iosTests.release.xcconfig */ = {isa = PBXFileReference; includeInIndex = 1; lastKnownFileType = text.xcconfig; name = "Pods-ChartProgressBar-iosTests.release.xcconfig"; path = "Pods/Target Support Files/Pods-ChartProgressBar-iosTests/Pods-ChartProgressBar-iosTests.release.xcconfig"; sourceTree = "<group>"; };
		5C8C08ECFF76855180EA797F /* Pods_ChartProgressBar_iosUITests.framework */ = {isa = PBXFileReference; explicitFileType = wrapper.framework; includeInIndex = 0; path = Pods_ChartProgressBar_iosUITests.framework; sourceTree = BUILT_PRODUCTS_DIR; };
		667E5473A6E520F3B3F9022D /* Pods-ChartProgressBar-ios.release.xcconfig */ = {isa = PBXFileReference; includeInIndex = 1; lastKnownFileType = text.xcconfig; name = "Pods-ChartProgressBar-ios.release.xcconfig"; path = "Pods/Target Support Files/Pods-ChartProgressBar-ios/Pods-ChartProgressBar-ios.release.xcconfig"; sourceTree = "<group>"; };
		837CB41FCFD9684DE355B8FF /* Pods-ChartProgressBar-ios.debug.xcconfig */ = {isa = PBXFileReference; includeInIndex = 1; lastKnownFileType = text.xcconfig; name = "Pods-ChartProgressBar-ios.debug.xcconfig"; path = "Pods/Target Support Files/Pods-ChartProgressBar-ios/Pods-ChartProgressBar-ios.debug.xcconfig"; sourceTree = "<group>"; };
		A09E48B7228EF64EBC9087E0 /* Pods_ChartProgressBar_iosTests.framework */ = {isa = PBXFileReference; explicitFileType = wrapper.framework; includeInIndex = 0; path = Pods_ChartProgressBar_iosTests.framework; sourceTree = BUILT_PRODUCTS_DIR; };
		A10D4C2FD28AD39764D35672 /* Pods-ChartProgressBar-iosTests.debug.xcconfig */ = {isa = PBXFileReference; includeInIndex = 1; lastKnownFileType = text.xcconfig; name = "Pods-ChartProgressBar-iosTests.debug.xcconfig"; path = "Pods/Target Support Files/Pods-ChartProgressBar-iosTests/Pods-ChartProgressBar-iosTests.debug.xcconfig"; sourceTree = "<group>"; };
		B0FBDF5DE41988772C0757AC /* Pods-ChartProgressBar-iosUITests.debug.xcconfig */ = {isa = PBXFileReference; includeInIndex = 1; lastKnownFileType = text.xcconfig; name = "Pods-ChartProgressBar-iosUITests.debug.xcconfig"; path = "Pods/Target Support Files/Pods-ChartProgressBar-iosUITests/Pods-ChartProgressBar-iosUITests.debug.xcconfig"; sourceTree = "<group>"; };
		E3F6A60F0AF47CF0D9C9B2FF /* Pods-ChartProgressBar-iosUITests.release.xcconfig */ = {isa = PBXFileReference; includeInIndex = 1; lastKnownFileType = text.xcconfig; name = "Pods-ChartProgressBar-iosUITests.release.xcconfig"; path = "Pods/Target Support Files/Pods-ChartProgressBar-iosUITests/Pods-ChartProgressBar-iosUITests.release.xcconfig"; sourceTree = "<group>"; };
		EC43906820188121006FCCE8 /* MainViewController.swift */ = {isa = PBXFileReference; lastKnownFileType = sourcecode.swift; path = MainViewController.swift; sourceTree = "<group>"; };
/* End PBXFileReference section */

/* Begin PBXFrameworksBuildPhase section */
		314B173C1F8E2F3200D98FA3 /* Frameworks */ = {
			isa = PBXFrameworksBuildPhase;
			buildActionMask = 2147483647;
			files = (
				EAA8F6F31C98E12D96F7BF7B /* Pods_ChartProgressBar_ios.framework in Frameworks */,
			);
			runOnlyForDeploymentPostprocessing = 0;
		};
		314B17501F8E2F3200D98FA3 /* Frameworks */ = {
			isa = PBXFrameworksBuildPhase;
			buildActionMask = 2147483647;
			files = (
				DBA26E2C66B2AF8F1F0E3444 /* Pods_ChartProgressBar_iosTests.framework in Frameworks */,
			);
			runOnlyForDeploymentPostprocessing = 0;
		};
		314B175B1F8E2F3200D98FA3 /* Frameworks */ = {
			isa = PBXFrameworksBuildPhase;
			buildActionMask = 2147483647;
			files = (
				7DC66FE83943405C815071D3 /* Pods_ChartProgressBar_iosUITests.framework in Frameworks */,
			);
			runOnlyForDeploymentPostprocessing = 0;
		};
/* End PBXFrameworksBuildPhase section */

/* Begin PBXGroup section */
		314B17361F8E2F3200D98FA3 = {
			isa = PBXGroup;
			children = (
				314B17411F8E2F3200D98FA3 /* ChartProgressBar-ios */,
				314B17401F8E2F3200D98FA3 /* Products */,
				95DEA82B613223E12268ADF5 /* Pods */,
				98F8D8234D4F6858298C4163 /* Frameworks */,
			);
			sourceTree = "<group>";
		};
		314B17401F8E2F3200D98FA3 /* Products */ = {
			isa = PBXGroup;
			children = (
				314B173F1F8E2F3200D98FA3 /* ChartProgressBar-ios.app */,
				314B17531F8E2F3200D98FA3 /* ChartProgressBar-iosTests.xctest */,
				314B175E1F8E2F3200D98FA3 /* ChartProgressBar-iosUITests.xctest */,
			);
			name = Products;
			sourceTree = "<group>";
		};
		314B17411F8E2F3200D98FA3 /* ChartProgressBar-ios */ = {
			isa = PBXGroup;
			children = (
				314B17421F8E2F3200D98FA3 /* AppDelegate.swift */,
				314B17461F8E2F3200D98FA3 /* Main.storyboard */,
				314B17491F8E2F3200D98FA3 /* Assets.xcassets */,
				314B174B1F8E2F3200D98FA3 /* LaunchScreen.storyboard */,
				314B174E1F8E2F3200D98FA3 /* Info.plist */,
				EC43906820188121006FCCE8 /* MainViewController.swift */,
			);
			path = "ChartProgressBar-ios";
			sourceTree = "<group>";
		};
		95DEA82B613223E12268ADF5 /* Pods */ = {
			isa = PBXGroup;
			children = (
				837CB41FCFD9684DE355B8FF /* Pods-ChartProgressBar-ios.debug.xcconfig */,
				667E5473A6E520F3B3F9022D /* Pods-ChartProgressBar-ios.release.xcconfig */,
				A10D4C2FD28AD39764D35672 /* Pods-ChartProgressBar-iosTests.debug.xcconfig */,
				527CFBB6E6CDF41FA67B50F7 /* Pods-ChartProgressBar-iosTests.release.xcconfig */,
				B0FBDF5DE41988772C0757AC /* Pods-ChartProgressBar-iosUITests.debug.xcconfig */,
				E3F6A60F0AF47CF0D9C9B2FF /* Pods-ChartProgressBar-iosUITests.release.xcconfig */,
			);
			name = Pods;
			sourceTree = "<group>";
		};
		98F8D8234D4F6858298C4163 /* Frameworks */ = {
			isa = PBXGroup;
			children = (
				4F599CA2F2094272922B3FA7 /* Pods_ChartProgressBar_ios.framework */,
				A09E48B7228EF64EBC9087E0 /* Pods_ChartProgressBar_iosTests.framework */,
				5C8C08ECFF76855180EA797F /* Pods_ChartProgressBar_iosUITests.framework */,
			);
			name = Frameworks;
			sourceTree = "<group>";
		};
/* End PBXGroup section */

/* Begin PBXNativeTarget section */
		314B173E1F8E2F3200D98FA3 /* ChartProgressBar-ios */ = {
			isa = PBXNativeTarget;
			buildConfigurationList = 314B17671F8E2F3200D98FA3 /* Build configuration list for PBXNativeTarget "ChartProgressBar-ios" */;
			buildPhases = (
				4C8087F9E5DA101B6B380958 /* [CP] Check Pods Manifest.lock */,
				314B173B1F8E2F3200D98FA3 /* Sources */,
				314B173C1F8E2F3200D98FA3 /* Frameworks */,
				314B173D1F8E2F3200D98FA3 /* Resources */,
				5DFAB9EA4C2A0F92DE3489E0 /* [CP] Embed Pods Frameworks */,
				1D39A80E9F6994004DE989D5 /* [CP] Copy Pods Resources */,
			);
			buildRules = (
			);
			dependencies = (
			);
			name = "ChartProgressBar-ios";
			productName = "ChartProgressBar-ios";
			productReference = 314B173F1F8E2F3200D98FA3 /* ChartProgressBar-ios.app */;
			productType = "com.apple.product-type.application";
		};
		314B17521F8E2F3200D98FA3 /* ChartProgressBar-iosTests */ = {
			isa = PBXNativeTarget;
			buildConfigurationList = 314B176A1F8E2F3200D98FA3 /* Build configuration list for PBXNativeTarget "ChartProgressBar-iosTests" */;
			buildPhases = (
				C61F8DC9FBAECC675EEA5DE9 /* [CP] Check Pods Manifest.lock */,
				314B174F1F8E2F3200D98FA3 /* Sources */,
				314B17501F8E2F3200D98FA3 /* Frameworks */,
				314B17511F8E2F3200D98FA3 /* Resources */,
				66D6D9CB44EA9429BE05FEFC /* [CP] Embed Pods Frameworks */,
				72212E8885C27144F23A6B0F /* [CP] Copy Pods Resources */,
			);
			buildRules = (
			);
			dependencies = (
				314B17551F8E2F3200D98FA3 /* PBXTargetDependency */,
			);
			name = "ChartProgressBar-iosTests";
			productName = "ChartProgressBar-iosTests";
			productReference = 314B17531F8E2F3200D98FA3 /* ChartProgressBar-iosTests.xctest */;
			productType = "com.apple.product-type.bundle.unit-test";
		};
		314B175D1F8E2F3200D98FA3 /* ChartProgressBar-iosUITests */ = {
			isa = PBXNativeTarget;
			buildConfigurationList = 314B176D1F8E2F3200D98FA3 /* Build configuration list for PBXNativeTarget "ChartProgressBar-iosUITests" */;
			buildPhases = (
				A8E89D90ACC664E99F3BBA9D /* [CP] Check Pods Manifest.lock */,
				314B175A1F8E2F3200D98FA3 /* Sources */,
				314B175B1F8E2F3200D98FA3 /* Frameworks */,
				314B175C1F8E2F3200D98FA3 /* Resources */,
				86E2D84D7A708A703528497E /* [CP] Embed Pods Frameworks */,
				F7E5E2FEE98F8663B1F72E0A /* [CP] Copy Pods Resources */,
			);
			buildRules = (
			);
			dependencies = (
				314B17601F8E2F3200D98FA3 /* PBXTargetDependency */,
			);
			name = "ChartProgressBar-iosUITests";
			productName = "ChartProgressBar-iosUITests";
			productReference = 314B175E1F8E2F3200D98FA3 /* ChartProgressBar-iosUITests.xctest */;
			productType = "com.apple.product-type.bundle.ui-testing";
		};
/* End PBXNativeTarget section */

/* Begin PBXProject section */
		314B17371F8E2F3200D98FA3 /* Project object */ = {
			isa = PBXProject;
			attributes = {
				LastSwiftUpdateCheck = 0830;
				LastUpgradeCheck = 0830;
				ORGANIZATIONNAME = "Hadi Dbouk";
				TargetAttributes = {
					314B173E1F8E2F3200D98FA3 = {
						CreatedOnToolsVersion = 8.3.3;
						DevelopmentTeam = DVU3J4CJD5;
						ProvisioningStyle = Automatic;
					};
					314B17521F8E2F3200D98FA3 = {
						CreatedOnToolsVersion = 8.3.3;
						ProvisioningStyle = Automatic;
						TestTargetID = 314B173E1F8E2F3200D98FA3;
					};
					314B175D1F8E2F3200D98FA3 = {
						CreatedOnToolsVersion = 8.3.3;
						ProvisioningStyle = Automatic;
						TestTargetID = 314B173E1F8E2F3200D98FA3;
					};
				};
			};
			buildConfigurationList = 314B173A1F8E2F3200D98FA3 /* Build configuration list for PBXProject "ChartProgressBar-ios" */;
			compatibilityVersion = "Xcode 3.2";
			developmentRegion = English;
			hasScannedForEncodings = 0;
			knownRegions = (
				en,
				Base,
			);
			mainGroup = 314B17361F8E2F3200D98FA3;
			productRefGroup = 314B17401F8E2F3200D98FA3 /* Products */;
			projectDirPath = "";
			projectRoot = "";
			targets = (
				314B173E1F8E2F3200D98FA3 /* ChartProgressBar-ios */,
				314B17521F8E2F3200D98FA3 /* ChartProgressBar-iosTests */,
				314B175D1F8E2F3200D98FA3 /* ChartProgressBar-iosUITests */,
			);
		};
/* End PBXProject section */

/* Begin PBXResourcesBuildPhase section */
		314B173D1F8E2F3200D98FA3 /* Resources */ = {
			isa = PBXResourcesBuildPhase;
			buildActionMask = 2147483647;
			files = (
				314B174D1F8E2F3200D98FA3 /* LaunchScreen.storyboard in Resources */,
				314B174A1F8E2F3200D98FA3 /* Assets.xcassets in Resources */,
				314B17481F8E2F3200D98FA3 /* Main.storyboard in Resources */,
			);
			runOnlyForDeploymentPostprocessing = 0;
		};
		314B17511F8E2F3200D98FA3 /* Resources */ = {
			isa = PBXResourcesBuildPhase;
			buildActionMask = 2147483647;
			files = (
			);
			runOnlyForDeploymentPostprocessing = 0;
		};
		314B175C1F8E2F3200D98FA3 /* Resources */ = {
			isa = PBXResourcesBuildPhase;
			buildActionMask = 2147483647;
			files = (
			);
			runOnlyForDeploymentPostprocessing = 0;
		};
/* End PBXResourcesBuildPhase section */

/* Begin PBXShellScriptBuildPhase section */
		1D39A80E9F6994004DE989D5 /* [CP] Copy Pods Resources */ = {
			isa = PBXShellScriptBuildPhase;
			buildActionMask = 2147483647;
			files = (
			);
			inputPaths = (
			);
			name = "[CP] Copy Pods Resources";
			outputPaths = (
			);
			runOnlyForDeploymentPostprocessing = 0;
			shellPath = /bin/sh;
			shellScript = "\"${SRCROOT}/Pods/Target Support Files/Pods-ChartProgressBar-ios/Pods-ChartProgressBar-ios-resources.sh\"\n";
			showEnvVarsInLog = 0;
		};
		4C8087F9E5DA101B6B380958 /* [CP] Check Pods Manifest.lock */ = {
			isa = PBXShellScriptBuildPhase;
			buildActionMask = 2147483647;
			files = (
			);
			inputPaths = (
				"${PODS_PODFILE_DIR_PATH}/Podfile.lock",
				"${PODS_ROOT}/Manifest.lock",
			);
			name = "[CP] Check Pods Manifest.lock";
			outputPaths = (
				"$(DERIVED_FILE_DIR)/Pods-ChartProgressBar-ios-checkManifestLockResult.txt",
			);
			runOnlyForDeploymentPostprocessing = 0;
			shellPath = /bin/sh;
			shellScript = "diff \"${PODS_PODFILE_DIR_PATH}/Podfile.lock\" \"${PODS_ROOT}/Manifest.lock\" > /dev/null\nif [ $? != 0 ] ; then\n    # print error to STDERR\n    echo \"error: The sandbox is not in sync with the Podfile.lock. Run 'pod install' or update your CocoaPods installation.\" >&2\n    exit 1\nfi\n# This output is used by Xcode 'outputs' to avoid re-running this script phase.\necho \"SUCCESS\" > \"${SCRIPT_OUTPUT_FILE_0}\"\n";
			showEnvVarsInLog = 0;
		};
		5DFAB9EA4C2A0F92DE3489E0 /* [CP] Embed Pods Frameworks */ = {
			isa = PBXShellScriptBuildPhase;
			buildActionMask = 2147483647;
			files = (
			);
			inputPaths = (
				"${SRCROOT}/Pods/Target Support Files/Pods-ChartProgressBar-ios/Pods-ChartProgressBar-ios-frameworks.sh",
				"${BUILT_PRODUCTS_DIR}/ChartProgressBar/ChartProgressBar.framework",
			);
			name = "[CP] Embed Pods Frameworks";
			outputPaths = (
				"${TARGET_BUILD_DIR}/${FRAMEWORKS_FOLDER_PATH}/ChartProgressBar.framework",
			);
			runOnlyForDeploymentPostprocessing = 0;
			shellPath = /bin/sh;
			shellScript = "\"${SRCROOT}/Pods/Target Support Files/Pods-ChartProgressBar-ios/Pods-ChartProgressBar-ios-frameworks.sh\"\n";
			showEnvVarsInLog = 0;
		};
		66D6D9CB44EA9429BE05FEFC /* [CP] Embed Pods Frameworks */ = {
			isa = PBXShellScriptBuildPhase;
			buildActionMask = 2147483647;
			files = (
			);
			inputPaths = (
			);
			name = "[CP] Embed Pods Frameworks";
			outputPaths = (
			);
			runOnlyForDeploymentPostprocessing = 0;
			shellPath = /bin/sh;
			shellScript = "\"${SRCROOT}/Pods/Target Support Files/Pods-ChartProgressBar-iosTests/Pods-ChartProgressBar-iosTests-frameworks.sh\"\n";
			showEnvVarsInLog = 0;
		};
		72212E8885C27144F23A6B0F /* [CP] Copy Pods Resources */ = {
			isa = PBXShellScriptBuildPhase;
			buildActionMask = 2147483647;
			files = (
			);
			inputPaths = (
			);
			name = "[CP] Copy Pods Resources";
			outputPaths = (
			);
			runOnlyForDeploymentPostprocessing = 0;
			shellPath = /bin/sh;
			shellScript = "\"${SRCROOT}/Pods/Target Support Files/Pods-ChartProgressBar-iosTests/Pods-ChartProgressBar-iosTests-resources.sh\"\n";
			showEnvVarsInLog = 0;
		};
		86E2D84D7A708A703528497E /* [CP] Embed Pods Frameworks */ = {
			isa = PBXShellScriptBuildPhase;
			buildActionMask = 2147483647;
			files = (
			);
			inputPaths = (
			);
			name = "[CP] Embed Pods Frameworks";
			outputPaths = (
			);
			runOnlyForDeploymentPostprocessing = 0;
			shellPath = /bin/sh;
			shellScript = "\"${SRCROOT}/Pods/Target Support Files/Pods-ChartProgressBar-iosUITests/Pods-ChartProgressBar-iosUITests-frameworks.sh\"\n";
			showEnvVarsInLog = 0;
		};
		A8E89D90ACC664E99F3BBA9D /* [CP] Check Pods Manifest.lock */ = {
			isa = PBXShellScriptBuildPhase;
			buildActionMask = 2147483647;
			files = (
			);
			inputPaths = (
				"${PODS_PODFILE_DIR_PATH}/Podfile.lock",
				"${PODS_ROOT}/Manifest.lock",
			);
			name = "[CP] Check Pods Manifest.lock";
			outputPaths = (
				"$(DERIVED_FILE_DIR)/Pods-ChartProgressBar-iosUITests-checkManifestLockResult.txt",
			);
			runOnlyForDeploymentPostprocessing = 0;
			shellPath = /bin/sh;
			shellScript = "diff \"${PODS_PODFILE_DIR_PATH}/Podfile.lock\" \"${PODS_ROOT}/Manifest.lock\" > /dev/null\nif [ $? != 0 ] ; then\n    # print error to STDERR\n    echo \"error: The sandbox is not in sync with the Podfile.lock. Run 'pod install' or update your CocoaPods installation.\" >&2\n    exit 1\nfi\n# This output is used by Xcode 'outputs' to avoid re-running this script phase.\necho \"SUCCESS\" > \"${SCRIPT_OUTPUT_FILE_0}\"\n";
			showEnvVarsInLog = 0;
		};
		C61F8DC9FBAECC675EEA5DE9 /* [CP] Check Pods Manifest.lock */ = {
			isa = PBXShellScriptBuildPhase;
			buildActionMask = 2147483647;
			files = (
			);
			inputPaths = (
				"${PODS_PODFILE_DIR_PATH}/Podfile.lock",
				"${PODS_ROOT}/Manifest.lock",
			);
			name = "[CP] Check Pods Manifest.lock";
			outputPaths = (
				"$(DERIVED_FILE_DIR)/Pods-ChartProgressBar-iosTests-checkManifestLockResult.txt",
			);
			runOnlyForDeploymentPostprocessing = 0;
			shellPath = /bin/sh;
			shellScript = "diff \"${PODS_PODFILE_DIR_PATH}/Podfile.lock\" \"${PODS_ROOT}/Manifest.lock\" > /dev/null\nif [ $? != 0 ] ; then\n    # print error to STDERR\n    echo \"error: The sandbox is not in sync with the Podfile.lock. Run 'pod install' or update your CocoaPods installation.\" >&2\n    exit 1\nfi\n# This output is used by Xcode 'outputs' to avoid re-running this script phase.\necho \"SUCCESS\" > \"${SCRIPT_OUTPUT_FILE_0}\"\n";
			showEnvVarsInLog = 0;
		};
		F7E5E2FEE98F8663B1F72E0A /* [CP] Copy Pods Resources */ = {
			isa = PBXShellScriptBuildPhase;
			buildActionMask = 2147483647;
			files = (
			);
			inputPaths = (
			);
			name = "[CP] Copy Pods Resources";
			outputPaths = (
			);
			runOnlyForDeploymentPostprocessing = 0;
			shellPath = /bin/sh;
			shellScript = "\"${SRCROOT}/Pods/Target Support Files/Pods-ChartProgressBar-iosUITests/Pods-ChartProgressBar-iosUITests-resources.sh\"\n";
			showEnvVarsInLog = 0;
		};
/* End PBXShellScriptBuildPhase section */

/* Begin PBXSourcesBuildPhase section */
		314B173B1F8E2F3200D98FA3 /* Sources */ = {
			isa = PBXSourcesBuildPhase;
			buildActionMask = 2147483647;
			files = (
				314B17431F8E2F3200D98FA3 /* AppDelegate.swift in Sources */,
				EC43906920188121006FCCE8 /* MainViewController.swift in Sources */,
			);
			runOnlyForDeploymentPostprocessing = 0;
		};
		314B174F1F8E2F3200D98FA3 /* Sources */ = {
			isa = PBXSourcesBuildPhase;
			buildActionMask = 2147483647;
			files = (
			);
			runOnlyForDeploymentPostprocessing = 0;
		};
		314B175A1F8E2F3200D98FA3 /* Sources */ = {
			isa = PBXSourcesBuildPhase;
			buildActionMask = 2147483647;
			files = (
			);
			runOnlyForDeploymentPostprocessing = 0;
		};
/* End PBXSourcesBuildPhase section */

/* Begin PBXTargetDependency section */
		314B17551F8E2F3200D98FA3 /* PBXTargetDependency */ = {
			isa = PBXTargetDependency;
			target = 314B173E1F8E2F3200D98FA3 /* ChartProgressBar-ios */;
			targetProxy = 314B17541F8E2F3200D98FA3 /* PBXContainerItemProxy */;
		};
		314B17601F8E2F3200D98FA3 /* PBXTargetDependency */ = {
			isa = PBXTargetDependency;
			target = 314B173E1F8E2F3200D98FA3 /* ChartProgressBar-ios */;
			targetProxy = 314B175F1F8E2F3200D98FA3 /* PBXContainerItemProxy */;
		};
/* End PBXTargetDependency section */

/* Begin PBXVariantGroup section */
		314B17461F8E2F3200D98FA3 /* Main.storyboard */ = {
			isa = PBXVariantGroup;
			children = (
				314B17471F8E2F3200D98FA3 /* Base */,
			);
			name = Main.storyboard;
			sourceTree = "<group>";
		};
		314B174B1F8E2F3200D98FA3 /* LaunchScreen.storyboard */ = {
			isa = PBXVariantGroup;
			children = (
				314B174C1F8E2F3200D98FA3 /* Base */,
			);
			name = LaunchScreen.storyboard;
			sourceTree = "<group>";
		};
/* End PBXVariantGroup section */

/* Begin XCBuildConfiguration section */
		314B17651F8E2F3200D98FA3 /* Debug */ = {
			isa = XCBuildConfiguration;
			buildSettings = {
				ALWAYS_SEARCH_USER_PATHS = NO;
				CLANG_ANALYZER_NONNULL = YES;
				CLANG_ANALYZER_NUMBER_OBJECT_CONVERSION = YES_AGGRESSIVE;
				CLANG_CXX_LANGUAGE_STANDARD = "gnu++0x";
				CLANG_CXX_LIBRARY = "libc++";
				CLANG_ENABLE_MODULES = YES;
				CLANG_ENABLE_OBJC_ARC = YES;
				CLANG_WARN_BOOL_CONVERSION = YES;
				CLANG_WARN_CONSTANT_CONVERSION = YES;
				CLANG_WARN_DIRECT_OBJC_ISA_USAGE = YES_ERROR;
				CLANG_WARN_DOCUMENTATION_COMMENTS = YES;
				CLANG_WARN_EMPTY_BODY = YES;
				CLANG_WARN_ENUM_CONVERSION = YES;
				CLANG_WARN_INFINITE_RECURSION = YES;
				CLANG_WARN_INT_CONVERSION = YES;
				CLANG_WARN_OBJC_ROOT_CLASS = YES_ERROR;
				CLANG_WARN_SUSPICIOUS_MOVE = YES;
				CLANG_WARN_UNREACHABLE_CODE = YES;
				CLANG_WARN__DUPLICATE_METHOD_MATCH = YES;
				"CODE_SIGN_IDENTITY[sdk=iphoneos*]" = "iPhone Developer";
				COPY_PHASE_STRIP = NO;
				DEBUG_INFORMATION_FORMAT = dwarf;
				ENABLE_STRICT_OBJC_MSGSEND = YES;
				ENABLE_TESTABILITY = YES;
				GCC_C_LANGUAGE_STANDARD = gnu99;
				GCC_DYNAMIC_NO_PIC = NO;
				GCC_NO_COMMON_BLOCKS = YES;
				GCC_OPTIMIZATION_LEVEL = 0;
				GCC_PREPROCESSOR_DEFINITIONS = (
					"DEBUG=1",
					"$(inherited)",
				);
				GCC_WARN_64_TO_32_BIT_CONVERSION = YES;
				GCC_WARN_ABOUT_RETURN_TYPE = YES_ERROR;
				GCC_WARN_UNDECLARED_SELECTOR = YES;
				GCC_WARN_UNINITIALIZED_AUTOS = YES_AGGRESSIVE;
				GCC_WARN_UNUSED_FUNCTION = YES;
				GCC_WARN_UNUSED_VARIABLE = YES;
				IPHONEOS_DEPLOYMENT_TARGET = 10.3;
				MTL_ENABLE_DEBUG_INFO = YES;
				ONLY_ACTIVE_ARCH = YES;
				SDKROOT = iphoneos;
				SWIFT_ACTIVE_COMPILATION_CONDITIONS = DEBUG;
				SWIFT_OPTIMIZATION_LEVEL = "-Onone";
				TARGETED_DEVICE_FAMILY = "1,2";
			};
			name = Debug;
		};
		314B17661F8E2F3200D98FA3 /* Release */ = {
			isa = XCBuildConfiguration;
			buildSettings = {
				ALWAYS_SEARCH_USER_PATHS = NO;
				CLANG_ANALYZER_NONNULL = YES;
				CLANG_ANALYZER_NUMBER_OBJECT_CONVERSION = YES_AGGRESSIVE;
				CLANG_CXX_LANGUAGE_STANDARD = "gnu++0x";
				CLANG_CXX_LIBRARY = "libc++";
				CLANG_ENABLE_MODULES = YES;
				CLANG_ENABLE_OBJC_ARC = YES;
				CLANG_WARN_BOOL_CONVERSION = YES;
				CLANG_WARN_CONSTANT_CONVERSION = YES;
				CLANG_WARN_DIRECT_OBJC_ISA_USAGE = YES_ERROR;
				CLANG_WARN_DOCUMENTATION_COMMENTS = YES;
				CLANG_WARN_EMPTY_BODY = YES;
				CLANG_WARN_ENUM_CONVERSION = YES;
				CLANG_WARN_INFINITE_RECURSION = YES;
				CLANG_WARN_INT_CONVERSION = YES;
				CLANG_WARN_OBJC_ROOT_CLASS = YES_ERROR;
				CLANG_WARN_SUSPICIOUS_MOVE = YES;
				CLANG_WARN_UNREACHABLE_CODE = YES;
				CLANG_WARN__DUPLICATE_METHOD_MATCH = YES;
				"CODE_SIGN_IDENTITY[sdk=iphoneos*]" = "iPhone Developer";
				COPY_PHASE_STRIP = NO;
				DEBUG_INFORMATION_FORMAT = "dwarf-with-dsym";
				ENABLE_NS_ASSERTIONS = NO;
				ENABLE_STRICT_OBJC_MSGSEND = YES;
				GCC_C_LANGUAGE_STANDARD = gnu99;
				GCC_NO_COMMON_BLOCKS = YES;
				GCC_WARN_64_TO_32_BIT_CONVERSION = YES;
				GCC_WARN_ABOUT_RETURN_TYPE = YES_ERROR;
				GCC_WARN_UNDECLARED_SELECTOR = YES;
				GCC_WARN_UNINITIALIZED_AUTOS = YES_AGGRESSIVE;
				GCC_WARN_UNUSED_FUNCTION = YES;
				GCC_WARN_UNUSED_VARIABLE = YES;
				IPHONEOS_DEPLOYMENT_TARGET = 10.3;
				MTL_ENABLE_DEBUG_INFO = NO;
				SDKROOT = iphoneos;
				SWIFT_OPTIMIZATION_LEVEL = "-Owholemodule";
				TARGETED_DEVICE_FAMILY = "1,2";
				VALIDATE_PRODUCT = YES;
			};
			name = Release;
		};
		314B17681F8E2F3200D98FA3 /* Debug */ = {
			isa = XCBuildConfiguration;
			baseConfigurationReference = 837CB41FCFD9684DE355B8FF /* Pods-ChartProgressBar-ios.debug.xcconfig */;
			buildSettings = {
				ASSETCATALOG_COMPILER_APPICON_NAME = AppIcon;
				DEVELOPMENT_TEAM = DVU3J4CJD5;
				INFOPLIST_FILE = "ChartProgressBar-ios/Info.plist";
				LD_RUNPATH_SEARCH_PATHS = "$(inherited) @executable_path/Frameworks";
				PRODUCT_BUNDLE_IDENTIFIER = "beyondtec.ChartProgressBar-ios";
				PRODUCT_NAME = "$(TARGET_NAME)";
				SWIFT_VERSION = 3.0;
			};
			name = Debug;
		};
		314B17691F8E2F3200D98FA3 /* Release */ = {
			isa = XCBuildConfiguration;
			baseConfigurationReference = 667E5473A6E520F3B3F9022D /* Pods-ChartProgressBar-ios.release.xcconfig */;
			buildSettings = {
				ASSETCATALOG_COMPILER_APPICON_NAME = AppIcon;
				DEVELOPMENT_TEAM = DVU3J4CJD5;
				INFOPLIST_FILE = "ChartProgressBar-ios/Info.plist";
				LD_RUNPATH_SEARCH_PATHS = "$(inherited) @executable_path/Frameworks";
				PRODUCT_BUNDLE_IDENTIFIER = "beyondtec.ChartProgressBar-ios";
				PRODUCT_NAME = "$(TARGET_NAME)";
				SWIFT_VERSION = 3.0;
			};
			name = Release;
		};
		314B176B1F8E2F3200D98FA3 /* Debug */ = {
			isa = XCBuildConfiguration;
			baseConfigurationReference = A10D4C2FD28AD39764D35672 /* Pods-ChartProgressBar-iosTests.debug.xcconfig */;
			buildSettings = {
				ALWAYS_EMBED_SWIFT_STANDARD_LIBRARIES = YES;
				BUNDLE_LOADER = "$(TEST_HOST)";
				INFOPLIST_FILE = "ChartProgressBar-iosTests/Info.plist";
				LD_RUNPATH_SEARCH_PATHS = "$(inherited) @executable_path/Frameworks @loader_path/Frameworks";
				PRODUCT_BUNDLE_IDENTIFIER = "beyondtec.ChartProgressBar-iosTests";
				PRODUCT_NAME = "$(TARGET_NAME)";
				SWIFT_VERSION = 3.0;
				TEST_HOST = "$(BUILT_PRODUCTS_DIR)/ChartProgressBar-ios.app/ChartProgressBar-ios";
			};
			name = Debug;
		};
		314B176C1F8E2F3200D98FA3 /* Release */ = {
			isa = XCBuildConfiguration;
			baseConfigurationReference = 527CFBB6E6CDF41FA67B50F7 /* Pods-ChartProgressBar-iosTests.release.xcconfig */;
			buildSettings = {
				ALWAYS_EMBED_SWIFT_STANDARD_LIBRARIES = YES;
				BUNDLE_LOADER = "$(TEST_HOST)";
				INFOPLIST_FILE = "ChartProgressBar-iosTests/Info.plist";
				LD_RUNPATH_SEARCH_PATHS = "$(inherited) @executable_path/Frameworks @loader_path/Frameworks";
				PRODUCT_BUNDLE_IDENTIFIER = "beyondtec.ChartProgressBar-iosTests";
				PRODUCT_NAME = "$(TARGET_NAME)";
				SWIFT_VERSION = 3.0;
				TEST_HOST = "$(BUILT_PRODUCTS_DIR)/ChartProgressBar-ios.app/ChartProgressBar-ios";
			};
			name = Release;
		};
		314B176E1F8E2F3200D98FA3 /* Debug */ = {
			isa = XCBuildConfiguration;
			baseConfigurationReference = B0FBDF5DE41988772C0757AC /* Pods-ChartProgressBar-iosUITests.debug.xcconfig */;
			buildSettings = {
				ALWAYS_EMBED_SWIFT_STANDARD_LIBRARIES = YES;
				INFOPLIST_FILE = "ChartProgressBar-iosUITests/Info.plist";
				LD_RUNPATH_SEARCH_PATHS = "$(inherited) @executable_path/Frameworks @loader_path/Frameworks";
				PRODUCT_BUNDLE_IDENTIFIER = "beyondtec.ChartProgressBar-iosUITests";
				PRODUCT_NAME = "$(TARGET_NAME)";
				SWIFT_VERSION = 3.0;
				TEST_TARGET_NAME = "ChartProgressBar-ios";
			};
			name = Debug;
		};
		314B176F1F8E2F3200D98FA3 /* Release */ = {
			isa = XCBuildConfiguration;
			baseConfigurationReference = E3F6A60F0AF47CF0D9C9B2FF /* Pods-ChartProgressBar-iosUITests.release.xcconfig */;
			buildSettings = {
				ALWAYS_EMBED_SWIFT_STANDARD_LIBRARIES = YES;
				INFOPLIST_FILE = "ChartProgressBar-iosUITests/Info.plist";
				LD_RUNPATH_SEARCH_PATHS = "$(inherited) @executable_path/Frameworks @loader_path/Frameworks";
				PRODUCT_BUNDLE_IDENTIFIER = "beyondtec.ChartProgressBar-iosUITests";
				PRODUCT_NAME = "$(TARGET_NAME)";
				SWIFT_VERSION = 3.0;
				TEST_TARGET_NAME = "ChartProgressBar-ios";
			};
			name = Release;
		};
/* End XCBuildConfiguration section */

/* Begin XCConfigurationList section */
		314B173A1F8E2F3200D98FA3 /* Build configuration list for PBXProject "ChartProgressBar-ios" */ = {
			isa = XCConfigurationList;
			buildConfigurations = (
				314B17651F8E2F3200D98FA3 /* Debug */,
				314B17661F8E2F3200D98FA3 /* Release */,
			);
			defaultConfigurationIsVisible = 0;
			defaultConfigurationName = Release;
		};
		314B17671F8E2F3200D98FA3 /* Build configuration list for PBXNativeTarget "ChartProgressBar-ios" */ = {
			isa = XCConfigurationList;
			buildConfigurations = (
				314B17681F8E2F3200D98FA3 /* Debug */,
				314B17691F8E2F3200D98FA3 /* Release */,
			);
			defaultConfigurationIsVisible = 0;
			defaultConfigurationName = Release;
		};
		314B176A1F8E2F3200D98FA3 /* Build configuration list for PBXNativeTarget "ChartProgressBar-iosTests" */ = {
			isa = XCConfigurationList;
			buildConfigurations = (
				314B176B1F8E2F3200D98FA3 /* Debug */,
				314B176C1F8E2F3200D98FA3 /* Release */,
			);
			defaultConfigurationIsVisible = 0;
			defaultConfigurationName = Release;
		};
		314B176D1F8E2F3200D98FA3 /* Build configuration list for PBXNativeTarget "ChartProgressBar-iosUITests" */ = {
			isa = XCConfigurationList;
			buildConfigurations = (
				314B176E1F8E2F3200D98FA3 /* Debug */,
				314B176F1F8E2F3200D98FA3 /* Release */,
			);
			defaultConfigurationIsVisible = 0;
			defaultConfigurationName = Release;
		};
/* End XCConfigurationList section */
	};
	rootObject = 314B17371F8E2F3200D98FA3 /* Project object */;
}
